# This file is generated by running "yarn install" inside your project.
# Manual changes might be lost - proceed with caution!

__metadata:
  version: 8
  cacheKey: 10

"@nodelib/fs.scandir@npm:2.1.5":
  version: 2.1.5
  resolution: "@nodelib/fs.scandir@npm:2.1.5"
  dependencies:
    "@nodelib/fs.stat": "npm:2.0.5"
    run-parallel: "npm:^1.1.9"
  checksum: 10/6ab2a9b8a1d67b067922c36f259e3b3dfd6b97b219c540877a4944549a4d49ea5ceba5663905ab5289682f1f3c15ff441d02f0447f620a42e1cb5e1937174d4b
  languageName: node
  linkType: hard

"@nodelib/fs.stat@npm:2.0.5, @nodelib/fs.stat@npm:^2.0.2":
  version: 2.0.5
  resolution: "@nodelib/fs.stat@npm:2.0.5"
  checksum: 10/012480b5ca9d97bff9261571dbbec7bbc6033f69cc92908bc1ecfad0792361a5a1994bc48674b9ef76419d056a03efadfce5a6cf6dbc0a36559571a7a483f6f0
  languageName: node
  linkType: hard

"@nodelib/fs.walk@npm:^1.2.3":
  version: 1.2.8
  resolution: "@nodelib/fs.walk@npm:1.2.8"
  dependencies:
    "@nodelib/fs.scandir": "npm:2.1.5"
    fastq: "npm:^1.6.0"
  checksum: 10/40033e33e96e97d77fba5a238e4bba4487b8284678906a9f616b5579ddaf868a18874c0054a75402c9fbaaa033a25ceae093af58c9c30278e35c23c9479e79b0
  languageName: node
  linkType: hard

"@sapphire/prettier-config@npm:^2.0.0":
  version: 2.0.0
  resolution: "@sapphire/prettier-config@npm:2.0.0"
  dependencies:
    prettier: "npm:^3.0.0"
  checksum: 10/900ec710173f05a31e3fe25151221d2c5f0d385d2f6e0b68d3a4713412e70871e6b64c3107d1f6952fff7e5032cb37186b9b522ab1eb048bbde6de09e8ecb027
  languageName: node
  linkType: hard

"@sindresorhus/merge-streams@npm:^2.1.0":
  version: 2.3.0
  resolution: "@sindresorhus/merge-streams@npm:2.3.0"
  checksum: 10/798bcb53cd1ace9df84fcdd1ba86afdc9e0cd84f5758d26ae9b1eefd8e8887e5fc30051132b9e74daf01bb41fa5a2faf1369361f83d76a3b3d7ee938058fd71c
  languageName: node
  linkType: hard

"@types/debug@npm:^4.0.0":
  version: 4.1.12
  resolution: "@types/debug@npm:4.1.12"
  dependencies:
    "@types/ms": "npm:*"
  checksum: 10/47876a852de8240bfdaf7481357af2b88cb660d30c72e73789abf00c499d6bc7cd5e52f41c915d1b9cd8ec9fef5b05688d7b7aef17f7f272c2d04679508d1053
  languageName: node
  linkType: hard

"@types/katex@npm:^0.16.0":
  version: 0.16.7
  resolution: "@types/katex@npm:0.16.7"
  checksum: 10/4fd15d93553be97c02c064e16be18d7ccbabf66ec72a9dc7fd5bfa47f0c7581da2f942f693c7cb59499de4c843c2189796e49c9647d336cbd52b777b6722a95a
  languageName: node
  linkType: hard

"@types/ms@npm:*":
  version: 0.7.34
  resolution: "@types/ms@npm:0.7.34"
  checksum: 10/f38d36e7b6edecd9badc9cf50474159e9da5fa6965a75186cceaf883278611b9df6669dc3a3cc122b7938d317b68a9e3d573d316fcb35d1be47ec9e468c6bd8a
  languageName: node
  linkType: hard

"@types/unist@npm:^2.0.0":
  version: 2.0.11
  resolution: "@types/unist@npm:2.0.11"
  checksum: 10/6d436e832bc35c6dde9f056ac515ebf2b3384a1d7f63679d12358766f9b313368077402e9c1126a14d827f10370a5485e628bf61aa91117cf4fc882423191a4e
  languageName: node
  linkType: hard

"ansi-escapes@npm:^7.0.0":
  version: 7.0.0
  resolution: "ansi-escapes@npm:7.0.0"
  dependencies:
    environment: "npm:^1.0.0"
  checksum: 10/2d0e2345087bd7ae6bf122b9cc05ee35560d40dcc061146edcdc02bc2d7c7c50143cd12a22e69a0b5c0f62b948b7bc9a4539ee888b80f5bd33cdfd82d01a70ab
  languageName: node
  linkType: hard

"ansi-regex@npm:^6.1.0":
  version: 6.1.0
  resolution: "ansi-regex@npm:6.1.0"
  checksum: 10/495834a53b0856c02acd40446f7130cb0f8284f4a39afdab20d5dc42b2e198b1196119fe887beed8f9055c4ff2055e3b2f6d4641d0be018cdfb64fedf6fc1aac
  languageName: node
  linkType: hard

"ansi-styles@npm:^6.0.0, ansi-styles@npm:^6.2.1":
  version: 6.2.1
  resolution: "ansi-styles@npm:6.2.1"
  checksum: 10/70fdf883b704d17a5dfc9cde206e698c16bcd74e7f196ab821511651aee4f9f76c9514bdfa6ca3a27b5e49138b89cb222a28caf3afe4567570139577f991df32
  languageName: node
  linkType: hard

"argparse@npm:^2.0.1":
  version: 2.0.1
  resolution: "argparse@npm:2.0.1"
  checksum: 10/18640244e641a417ec75a9bd38b0b2b6b95af5199aa241b131d4b2fb206f334d7ecc600bd194861610a5579084978bfcbb02baa399dbe442d56d0ae5e60dbaef
  languageName: node
  linkType: hard

"awesome-sapphire@workspace:.":
  version: 0.0.0-use.local
  resolution: "awesome-sapphire@workspace:."
  dependencies:
    "@sapphire/prettier-config": "npm:^2.0.0"
    lint-staged: "npm:^15.4.1"
    markdownlint: "npm:^0.37.4"
    markdownlint-cli2: "npm:^0.17.2"
    prettier: "npm:^3.4.2"
  languageName: unknown
  linkType: soft

"braces@npm:^3.0.3":
  version: 3.0.3
  resolution: "braces@npm:3.0.3"
  dependencies:
    fill-range: "npm:^7.1.1"
  checksum: 10/fad11a0d4697a27162840b02b1fad249c1683cbc510cd5bf1a471f2f8085c046d41094308c577a50a03a579dd99d5a6b3724c4b5e8b14df2c4443844cfcda2c6
  languageName: node
  linkType: hard

"chalk@npm:~5.4.1":
  version: 5.4.1
  resolution: "chalk@npm:5.4.1"
  checksum: 10/29df3ffcdf25656fed6e95962e2ef86d14dfe03cd50e7074b06bad9ffbbf6089adbb40f75c00744d843685c8d008adaf3aed31476780312553caf07fa86e5bc7
  languageName: node
  linkType: hard

"character-entities-legacy@npm:^3.0.0":
  version: 3.0.0
  resolution: "character-entities-legacy@npm:3.0.0"
  checksum: 10/7582af055cb488b626d364b7d7a4e46b06abd526fb63c0e4eb35bcb9c9799cc4f76b39f34fdccef2d1174ac95e53e9ab355aae83227c1a2505877893fce77731
  languageName: node
  linkType: hard

"character-entities@npm:^2.0.0":
  version: 2.0.2
  resolution: "character-entities@npm:2.0.2"
  checksum: 10/c8dd1f4bf1a92fccf7d2fad9673660a88b37854557d30f6076c32fedfb92d1420208298829ff1d3b6b4fa1c7012e8326c45e7f5c3ed1e9a09ec177593c521b2f
  languageName: node
  linkType: hard

"character-reference-invalid@npm:^2.0.0":
  version: 2.0.1
  resolution: "character-reference-invalid@npm:2.0.1"
  checksum: 10/98d3b1a52ae510b7329e6ee7f6210df14f1e318c5415975d4c9e7ee0ef4c07875d47c6e74230c64551f12f556b4a8ccc24d9f3691a2aa197019e72a95e9297ee
  languageName: node
  linkType: hard

"cli-cursor@npm:^5.0.0":
  version: 5.0.0
  resolution: "cli-cursor@npm:5.0.0"
  dependencies:
    restore-cursor: "npm:^5.0.0"
  checksum: 10/1eb9a3f878b31addfe8d82c6d915ec2330cec8447ab1f117f4aa34f0137fbb3137ec3466e1c9a65bcb7557f6e486d343f2da57f253a2f668d691372dfa15c090
  languageName: node
  linkType: hard

"cli-truncate@npm:^4.0.0":
  version: 4.0.0
  resolution: "cli-truncate@npm:4.0.0"
  dependencies:
    slice-ansi: "npm:^5.0.0"
    string-width: "npm:^7.0.0"
  checksum: 10/d5149175fd25ca985731bdeec46a55ec237475cf74c1a5e103baea696aceb45e372ac4acbaabf1316f06bd62e348123060f8191ffadfeedebd2a70a2a7fb199d
  languageName: node
  linkType: hard

"colorette@npm:^2.0.20":
  version: 2.0.20
  resolution: "colorette@npm:2.0.20"
  checksum: 10/0b8de48bfa5d10afc160b8eaa2b9938f34a892530b2f7d7897e0458d9535a066e3998b49da9d21161c78225b272df19ae3a64d6df28b4c9734c0e55bbd02406f
  languageName: node
  linkType: hard

"commander@npm:^8.3.0":
  version: 8.3.0
  resolution: "commander@npm:8.3.0"
  checksum: 10/6b7b5d334483ce24bd73c5dac2eab901a7dbb25fd983ea24a1eeac6e7166bb1967f641546e8abf1920afbde86a45fbfe5812fbc69d0dc451bb45ca416a12a3a3
  languageName: node
  linkType: hard

"commander@npm:~12.1.0":
  version: 12.1.0
  resolution: "commander@npm:12.1.0"
  checksum: 10/cdaeb672d979816853a4eed7f1310a9319e8b976172485c2a6b437ed0db0a389a44cfb222bfbde772781efa9f215bdd1b936f80d6b249485b465c6cb906e1f93
  languageName: node
  linkType: hard

"cross-spawn@npm:^7.0.3":
  version: 7.0.5
  resolution: "cross-spawn@npm:7.0.5"
  dependencies:
    path-key: "npm:^3.1.0"
    shebang-command: "npm:^2.0.0"
    which: "npm:^2.0.1"
  checksum: 10/c95062469d4bdbc1f099454d01c0e77177a3733012d41bf907a71eb8d22d2add43b5adf6a0a14ef4e7feaf804082714d6c262ef4557a1c480b86786c120d18e2
  languageName: node
  linkType: hard

"debug@npm:^4.0.0, debug@npm:~4.4.0":
  version: 4.4.0
  resolution: "debug@npm:4.4.0"
  dependencies:
    ms: "npm:^2.1.3"
  peerDependenciesMeta:
    supports-color:
      optional: true
  checksum: 10/1847944c2e3c2c732514b93d11886575625686056cd765336212dc15de2d2b29612b6cd80e1afba767bb8e1803b778caf9973e98169ef1a24a7a7009e1820367
  languageName: node
  linkType: hard

"decode-named-character-reference@npm:^1.0.0":
  version: 1.0.2
  resolution: "decode-named-character-reference@npm:1.0.2"
  dependencies:
    character-entities: "npm:^2.0.0"
  checksum: 10/f4c71d3b93105f20076052f9cb1523a22a9c796b8296cd35eef1ca54239c78d182c136a848b83ff8da2071e3ae2b1d300bf29d00650a6d6e675438cc31b11d78
  languageName: node
  linkType: hard

"dequal@npm:^2.0.0":
  version: 2.0.3
  resolution: "dequal@npm:2.0.3"
  checksum: 10/6ff05a7561f33603df87c45e389c9ac0a95e3c056be3da1a0c4702149e3a7f6fe5ffbb294478687ba51a9e95f3a60e8b6b9005993acd79c292c7d15f71964b6b
  languageName: node
  linkType: hard

"devlop@npm:^1.0.0":
  version: 1.1.0
  resolution: "devlop@npm:1.1.0"
  dependencies:
    dequal: "npm:^2.0.0"
  checksum: 10/3cc5f903d02d279d6dc4aa71ab6ed9898b9f4d1f861cc5421ce7357893c21b9520de78afb203c92bd650a6977ad0ca98195453a0707a39958cf5fea3b0a8ddd8
  languageName: node
  linkType: hard

"emoji-regex@npm:^10.3.0":
  version: 10.3.0
  resolution: "emoji-regex@npm:10.3.0"
  checksum: 10/b9b084ebe904f13bb4b66ee4c29fb41a7a4a1165adcc33c1ce8056c0194b882cc91ebdc782f1a779b5d7ea7375c5064643a7734893d7c657b44c5c6b9d7bf1e7
  languageName: node
  linkType: hard

"entities@npm:^4.4.0":
  version: 4.5.0
  resolution: "entities@npm:4.5.0"
  checksum: 10/ede2a35c9bce1aeccd055a1b445d41c75a14a2bb1cd22e242f20cf04d236cdcd7f9c859eb83f76885327bfae0c25bf03303665ee1ce3d47c5927b98b0e3e3d48
  languageName: node
  linkType: hard

"environment@npm:^1.0.0":
  version: 1.1.0
  resolution: "environment@npm:1.1.0"
  checksum: 10/dd3c1b9825e7f71f1e72b03c2344799ac73f2e9ef81b78ea8b373e55db021786c6b9f3858ea43a436a2c4611052670ec0afe85bc029c384cc71165feee2f4ba6
  languageName: node
  linkType: hard

"eventemitter3@npm:^5.0.1":
  version: 5.0.1
  resolution: "eventemitter3@npm:5.0.1"
  checksum: 10/ac6423ec31124629c84c7077eed1e6987f6d66c31cf43c6fcbf6c87791d56317ce808d9ead483652436df171b526fc7220eccdc9f3225df334e81582c3cf7dd5
  languageName: node
  linkType: hard

"execa@npm:~8.0.1":
  version: 8.0.1
  resolution: "execa@npm:8.0.1"
  dependencies:
    cross-spawn: "npm:^7.0.3"
    get-stream: "npm:^8.0.1"
    human-signals: "npm:^5.0.0"
    is-stream: "npm:^3.0.0"
    merge-stream: "npm:^2.0.0"
    npm-run-path: "npm:^5.1.0"
    onetime: "npm:^6.0.0"
    signal-exit: "npm:^4.1.0"
    strip-final-newline: "npm:^3.0.0"
  checksum: 10/d2ab5fe1e2bb92b9788864d0713f1fce9a07c4594e272c0c97bc18c90569897ab262e4ea58d27a694d288227a2e24f16f5e2575b44224ad9983b799dc7f1098d
  languageName: node
  linkType: hard

"fast-glob@npm:^3.3.2":
  version: 3.3.2
  resolution: "fast-glob@npm:3.3.2"
  dependencies:
    "@nodelib/fs.stat": "npm:^2.0.2"
    "@nodelib/fs.walk": "npm:^1.2.3"
    glob-parent: "npm:^5.1.2"
    merge2: "npm:^1.3.0"
    micromatch: "npm:^4.0.4"
  checksum: 10/222512e9315a0efca1276af9adb2127f02105d7288fa746145bf45e2716383fb79eb983c89601a72a399a56b7c18d38ce70457c5466218c5f13fad957cee16df
  languageName: node
  linkType: hard

"fastq@npm:^1.6.0":
  version: 1.16.0
  resolution: "fastq@npm:1.16.0"
  dependencies:
    reusify: "npm:^1.0.4"
  checksum: 10/de151543aab9d91900ed5da88860c46987ece925c628df586fac664235f25e020ec20729e1c032edb5fd2520fd4aa5b537d69e39b689e65e82112cfbecb4479e
  languageName: node
  linkType: hard

"fill-range@npm:^7.1.1":
  version: 7.1.1
  resolution: "fill-range@npm:7.1.1"
  dependencies:
    to-regex-range: "npm:^5.0.1"
  checksum: 10/a7095cb39e5bc32fada2aa7c7249d3f6b01bd1ce461a61b0adabacccabd9198500c6fb1f68a7c851a657e273fce2233ba869638897f3d7ed2e87a2d89b4436ea
  languageName: node
  linkType: hard

"get-east-asian-width@npm:^1.0.0":
  version: 1.2.0
  resolution: "get-east-asian-width@npm:1.2.0"
  checksum: 10/c9b280e7c7c67fb89fa17e867c4a9d1c9f1321aba2a9ee27bff37fb6ca9552bccda328c70a80c1f83a0e39ba1b7e3427e60f47823402d19e7a41b83417ec047a
  languageName: node
  linkType: hard

"get-stream@npm:^8.0.1":
  version: 8.0.1
  resolution: "get-stream@npm:8.0.1"
  checksum: 10/dde5511e2e65a48e9af80fea64aff11b4921b14b6e874c6f8294c50975095af08f41bfb0b680c887f28b566dd6ec2cb2f960f9d36a323359be324ce98b766e9e
  languageName: node
  linkType: hard

"glob-parent@npm:^5.1.2":
  version: 5.1.2
  resolution: "glob-parent@npm:5.1.2"
  dependencies:
    is-glob: "npm:^4.0.1"
  checksum: 10/32cd106ce8c0d83731966d31517adb766d02c3812de49c30cfe0675c7c0ae6630c11214c54a5ae67aca882cf738d27fd7768f21aa19118b9245950554be07247
  languageName: node
  linkType: hard

"globby@npm:14.0.2":
  version: 14.0.2
  resolution: "globby@npm:14.0.2"
  dependencies:
    "@sindresorhus/merge-streams": "npm:^2.1.0"
    fast-glob: "npm:^3.3.2"
    ignore: "npm:^5.2.4"
    path-type: "npm:^5.0.0"
    slash: "npm:^5.1.0"
    unicorn-magic: "npm:^0.1.0"
  checksum: 10/67660da70fc1223f7170c1a62ba6c373385e9e39765d952b6518606dec15ed8c7958e9dae6ba5752a31dbc1e9126f146938b830ad680fe794141734ffc3fbb75
  languageName: node
  linkType: hard

"human-signals@npm:^5.0.0":
  version: 5.0.0
  resolution: "human-signals@npm:5.0.0"
  checksum: 10/30f8870d831cdcd2d6ec0486a7d35d49384996742052cee792854273fa9dd9e7d5db06bb7985d4953e337e10714e994e0302e90dc6848069171b05ec836d65b0
  languageName: node
  linkType: hard

"ignore@npm:^5.2.4":
  version: 5.3.0
  resolution: "ignore@npm:5.3.0"
  checksum: 10/51594355cea4c6ad6b28b3b85eb81afa7b988a1871feefd7062baf136c95aa06760ee934fa9590e43d967bd377ce84a4cf6135fbeb6063e063f1182a0e9a3bcd
  languageName: node
  linkType: hard

"is-alphabetical@npm:^2.0.0":
  version: 2.0.1
  resolution: "is-alphabetical@npm:2.0.1"
  checksum: 10/56207db8d9de0850f0cd30f4966bf731eb82cedfe496cbc2e97e7c3bacaf66fc54a972d2d08c0d93bb679cb84976a05d24c5ad63de56fabbfc60aadae312edaa
  languageName: node
  linkType: hard

"is-alphanumerical@npm:^2.0.0":
  version: 2.0.1
  resolution: "is-alphanumerical@npm:2.0.1"
  dependencies:
    is-alphabetical: "npm:^2.0.0"
    is-decimal: "npm:^2.0.0"
  checksum: 10/87acc068008d4c9c4e9f5bd5e251041d42e7a50995c77b1499cf6ed248f971aadeddb11f239cabf09f7975ee58cac7a48ffc170b7890076d8d227b24a68663c9
  languageName: node
  linkType: hard

"is-decimal@npm:^2.0.0":
  version: 2.0.1
  resolution: "is-decimal@npm:2.0.1"
  checksum: 10/97132de7acdce77caa7b797632970a2ecd649a88e715db0e4dbc00ab0708b5e7574ba5903962c860cd4894a14fd12b100c0c4ac8aed445cf6f55c6cf747a4158
  languageName: node
  linkType: hard

"is-extglob@npm:^2.1.1":
  version: 2.1.1
  resolution: "is-extglob@npm:2.1.1"
  checksum: 10/df033653d06d0eb567461e58a7a8c9f940bd8c22274b94bf7671ab36df5719791aae15eef6d83bbb5e23283967f2f984b8914559d4449efda578c775c4be6f85
  languageName: node
  linkType: hard

"is-fullwidth-code-point@npm:^4.0.0":
  version: 4.0.0
  resolution: "is-fullwidth-code-point@npm:4.0.0"
  checksum: 10/8ae89bf5057bdf4f57b346fb6c55e9c3dd2549983d54191d722d5c739397a903012cc41a04ee3403fd872e811243ef91a7c5196da7b5841dc6b6aae31a264a8d
  languageName: node
  linkType: hard

"is-fullwidth-code-point@npm:^5.0.0":
  version: 5.0.0
  resolution: "is-fullwidth-code-point@npm:5.0.0"
  dependencies:
    get-east-asian-width: "npm:^1.0.0"
  checksum: 10/8dfb2d2831b9e87983c136f5c335cd9d14c1402973e357a8ff057904612ed84b8cba196319fabedf9aefe4639e14fe3afe9d9966d1d006ebeb40fe1fed4babe5
  languageName: node
  linkType: hard

"is-glob@npm:^4.0.1":
  version: 4.0.3
  resolution: "is-glob@npm:4.0.3"
  dependencies:
    is-extglob: "npm:^2.1.1"
  checksum: 10/3ed74f2b0cdf4f401f38edb0442ddfde3092d79d7d35c9919c86641efdbcbb32e45aa3c0f70ce5eecc946896cd5a0f26e4188b9f2b881876f7cb6c505b82da11
  languageName: node
  linkType: hard

"is-hexadecimal@npm:^2.0.0":
  version: 2.0.1
  resolution: "is-hexadecimal@npm:2.0.1"
  checksum: 10/66a2ea85994c622858f063f23eda506db29d92b52580709eb6f4c19550552d4dcf3fb81952e52f7cf972097237959e00adc7bb8c9400cd12886e15bf06145321
  languageName: node
  linkType: hard

"is-number@npm:^7.0.0":
  version: 7.0.0
  resolution: "is-number@npm:7.0.0"
  checksum: 10/6a6c3383f68afa1e05b286af866017c78f1226d43ac8cb064e115ff9ed85eb33f5c4f7216c96a71e4dfea289ef52c5da3aef5bbfade8ffe47a0465d70c0c8e86
  languageName: node
  linkType: hard

"is-stream@npm:^3.0.0":
  version: 3.0.0
  resolution: "is-stream@npm:3.0.0"
  checksum: 10/172093fe99119ffd07611ab6d1bcccfe8bc4aa80d864b15f43e63e54b7abc71e779acd69afdb854c4e2a67fdc16ae710e370eda40088d1cfc956a50ed82d8f16
  languageName: node
  linkType: hard

"isexe@npm:^2.0.0":
  version: 2.0.0
  resolution: "isexe@npm:2.0.0"
  checksum: 10/7c9f715c03aff08f35e98b1fadae1b9267b38f0615d501824f9743f3aab99ef10e303ce7db3f186763a0b70a19de5791ebfc854ff884d5a8c4d92211f642ec92
  languageName: node
  linkType: hard

"js-yaml@npm:4.1.0":
  version: 4.1.0
  resolution: "js-yaml@npm:4.1.0"
  dependencies:
    argparse: "npm:^2.0.1"
  bin:
    js-yaml: bin/js-yaml.js
  checksum: 10/c138a34a3fd0d08ebaf71273ad4465569a483b8a639e0b118ff65698d257c2791d3199e3f303631f2cb98213fa7b5f5d6a4621fd0fff819421b990d30d967140
  languageName: node
  linkType: hard

"jsonc-parser@npm:3.3.1":
  version: 3.3.1
  resolution: "jsonc-parser@npm:3.3.1"
  checksum: 10/9b0dc391f20b47378f843ef1e877e73ec652a5bdc3c5fa1f36af0f119a55091d147a86c1ee86a232296f55c929bba174538c2bf0312610e0817a22de131cc3f4
  languageName: node
  linkType: hard

"katex@npm:^0.16.0":
  version: 0.16.21
  resolution: "katex@npm:0.16.21"
  dependencies:
    commander: "npm:^8.3.0"
  bin:
    katex: cli.js
  checksum: 10/db1094c528972ffb881c64969e87cbca465d21f918f4dad8bfe583f68e1bd601438eda3d79e8d74bc7ccc14e7b76616a9053bb21945749a30a73bc68f20e721b
  languageName: node
  linkType: hard

"lilconfig@npm:~3.1.3":
  version: 3.1.3
  resolution: "lilconfig@npm:3.1.3"
  checksum: 10/b932ce1af94985f0efbe8896e57b1f814a48c8dbd7fc0ef8469785c6303ed29d0090af3ccad7e36b626bfca3a4dc56cc262697e9a8dd867623cf09a39d54e4c3
  languageName: node
  linkType: hard

"linkify-it@npm:^5.0.0":
  version: 5.0.0
  resolution: "linkify-it@npm:5.0.0"
  dependencies:
    uc.micro: "npm:^2.0.0"
  checksum: 10/ef3b7609dda6ec0c0be8a7b879cea195f0d36387b0011660cd6711bba0ad82137f59b458b7e703ec74f11d88e7c1328e2ad9b855a8500c0ded67461a8c4519e6
  languageName: node
  linkType: hard

"lint-staged@npm:^15.4.1":
  version: 15.4.1
  resolution: "lint-staged@npm:15.4.1"
  dependencies:
    chalk: "npm:~5.4.1"
    commander: "npm:~12.1.0"
    debug: "npm:~4.4.0"
    execa: "npm:~8.0.1"
    lilconfig: "npm:~3.1.3"
    listr2: "npm:~8.2.5"
    micromatch: "npm:~4.0.8"
    pidtree: "npm:~0.6.0"
    string-argv: "npm:~0.3.2"
    yaml: "npm:~2.6.1"
  bin:
    lint-staged: bin/lint-staged.js
  checksum: 10/615a1f0a66c6cb35fda928745fec9864498853d5aab49785840b12643e40c6518daf01218b5255a727d32ef9a3738e3766103679cfdcd6f1b320e272920f3b68
  languageName: node
  linkType: hard

"listr2@npm:~8.2.5":
  version: 8.2.5
  resolution: "listr2@npm:8.2.5"
  dependencies:
    cli-truncate: "npm:^4.0.0"
    colorette: "npm:^2.0.20"
    eventemitter3: "npm:^5.0.1"
    log-update: "npm:^6.1.0"
    rfdc: "npm:^1.4.1"
    wrap-ansi: "npm:^9.0.0"
  checksum: 10/c76542f18306195e464fe10203ee679a7beafa9bf0dc679ebacb416387cca8f5307c1d8ba35483d26ba611dc2fac5a1529733dce28f2660556082fb7eebb79f9
  languageName: node
  linkType: hard

"log-update@npm:^6.1.0":
  version: 6.1.0
  resolution: "log-update@npm:6.1.0"
  dependencies:
    ansi-escapes: "npm:^7.0.0"
    cli-cursor: "npm:^5.0.0"
    slice-ansi: "npm:^7.1.0"
    strip-ansi: "npm:^7.1.0"
    wrap-ansi: "npm:^9.0.0"
  checksum: 10/5abb4131e33b1e7f8416bb194fe17a3603d83e4657c5bf5bb81ce4187f3b00ea481643b85c3d5cefe6037a452cdcf7f1391ab8ea0d9c23e75d19589830ec4f11
  languageName: node
  linkType: hard

"markdown-it@npm:14.1.0":
  version: 14.1.0
  resolution: "markdown-it@npm:14.1.0"
  dependencies:
    argparse: "npm:^2.0.1"
    entities: "npm:^4.4.0"
    linkify-it: "npm:^5.0.0"
    mdurl: "npm:^2.0.0"
    punycode.js: "npm:^2.3.1"
    uc.micro: "npm:^2.1.0"
  bin:
    markdown-it: bin/markdown-it.mjs
  checksum: 10/f34f921be178ed0607ba9e3e27c733642be445e9bb6b1dba88da7aafe8ba1bc5d2f1c3aa8f3fc33b49a902da4e4c08c2feadfafb290b8c7dda766208bb6483a9
  languageName: node
  linkType: hard

"markdownlint-cli2-formatter-default@npm:0.0.5":
  version: 0.0.5
  resolution: "markdownlint-cli2-formatter-default@npm:0.0.5"
  peerDependencies:
    markdownlint-cli2: ">=0.0.4"
  checksum: 10/b99828fb295e96ba30fbc365c363e8811ffa70f2334d3ecad04bc1396f6c19c33448da76019f90f523415e7ae557d1be381ceb77a03590c9017d355b7cbab277
  languageName: node
  linkType: hard

"markdownlint-cli2@npm:^0.17.2":
  version: 0.17.2
  resolution: "markdownlint-cli2@npm:0.17.2"
  dependencies:
    globby: "npm:14.0.2"
    js-yaml: "npm:4.1.0"
    jsonc-parser: "npm:3.3.1"
    markdownlint: "npm:0.37.4"
    markdownlint-cli2-formatter-default: "npm:0.0.5"
    micromatch: "npm:4.0.8"
  bin:
    markdownlint-cli2: markdownlint-cli2-bin.mjs
  checksum: 10/efe9c196e3851b5956028ca418176b9db8c2629e20541efffc39f9b7e08f727dd9d5bde5c64d9684d16171e9691d34bab9764eb3c6e5df1600efea774a1500da
  languageName: node
  linkType: hard

"markdownlint@npm:0.37.4, markdownlint@npm:^0.37.4":
  version: 0.37.4
  resolution: "markdownlint@npm:0.37.4"
  dependencies:
    markdown-it: "npm:14.1.0"
    micromark: "npm:4.0.1"
    micromark-core-commonmark: "npm:2.0.2"
    micromark-extension-directive: "npm:3.0.2"
    micromark-extension-gfm-autolink-literal: "npm:2.1.0"
    micromark-extension-gfm-footnote: "npm:2.1.0"
    micromark-extension-gfm-table: "npm:2.1.0"
    micromark-extension-math: "npm:3.1.0"
    micromark-util-types: "npm:2.0.1"
  checksum: 10/943a55cd1ff5cd421d44b33c2c95e7862bda997f398d432f9ca2f5cb5068a5f6295e0b69ec5a73ab197e74affa77964fb6163c7714d43c321bc43fb940d9bc21
  languageName: node
  linkType: hard

"mdurl@npm:^2.0.0":
  version: 2.0.0
  resolution: "mdurl@npm:2.0.0"
  checksum: 10/1720349d4a53e401aa993241368e35c0ad13d816ad0b28388928c58ca9faa0cf755fa45f18ccbf64f4ce54a845a50ddce5c84e4016897b513096a68dac4b0158
  languageName: node
  linkType: hard

"merge-stream@npm:^2.0.0":
  version: 2.0.0
  resolution: "merge-stream@npm:2.0.0"
  checksum: 10/6fa4dcc8d86629705cea944a4b88ef4cb0e07656ebf223fa287443256414283dd25d91c1cd84c77987f2aec5927af1a9db6085757cb43d90eb170ebf4b47f4f4
  languageName: node
  linkType: hard

"merge2@npm:^1.3.0":
  version: 1.4.1
  resolution: "merge2@npm:1.4.1"
  checksum: 10/7268db63ed5169466540b6fb947aec313200bcf6d40c5ab722c22e242f651994619bcd85601602972d3c85bd2cc45a358a4c61937e9f11a061919a1da569b0c2
  languageName: node
  linkType: hard

"micromark-core-commonmark@npm:2.0.2, micromark-core-commonmark@npm:^2.0.0":
  version: 2.0.2
  resolution: "micromark-core-commonmark@npm:2.0.2"
  dependencies:
    decode-named-character-reference: "npm:^1.0.0"
    devlop: "npm:^1.0.0"
    micromark-factory-destination: "npm:^2.0.0"
    micromark-factory-label: "npm:^2.0.0"
    micromark-factory-space: "npm:^2.0.0"
    micromark-factory-title: "npm:^2.0.0"
    micromark-factory-whitespace: "npm:^2.0.0"
    micromark-util-character: "npm:^2.0.0"
    micromark-util-chunked: "npm:^2.0.0"
    micromark-util-classify-character: "npm:^2.0.0"
    micromark-util-html-tag-name: "npm:^2.0.0"
    micromark-util-normalize-identifier: "npm:^2.0.0"
    micromark-util-resolve-all: "npm:^2.0.0"
    micromark-util-subtokenize: "npm:^2.0.0"
    micromark-util-symbol: "npm:^2.0.0"
    micromark-util-types: "npm:^2.0.0"
  checksum: 10/eafa6b9cd6fd9f51efa7795824af9a765e24a4519855a5b6dfcb0f619a93d90599d39a261f626bfcc1dfa64f22430f7a677a83cb6ce4bd8e4eeabc892610c016
  languageName: node
  linkType: hard

"micromark-extension-directive@npm:3.0.2":
  version: 3.0.2
  resolution: "micromark-extension-directive@npm:3.0.2"
  dependencies:
    devlop: "npm:^1.0.0"
    micromark-factory-space: "npm:^2.0.0"
    micromark-factory-whitespace: "npm:^2.0.0"
    micromark-util-character: "npm:^2.0.0"
    micromark-util-symbol: "npm:^2.0.0"
    micromark-util-types: "npm:^2.0.0"
    parse-entities: "npm:^4.0.0"
  checksum: 10/63dbaa209722c1a77ffea6c6d5ea0f873f5e795ef08a2039f3d795320c889e5ce10fe1162500b0ff3063f8ceb1f7d727ec1d29d2df6271cbe90ec0646e061c8d
  languageName: node
  linkType: hard

"micromark-extension-gfm-autolink-literal@npm:2.1.0":
  version: 2.1.0
  resolution: "micromark-extension-gfm-autolink-literal@npm:2.1.0"
  dependencies:
    micromark-util-character: "npm:^2.0.0"
    micromark-util-sanitize-uri: "npm:^2.0.0"
    micromark-util-symbol: "npm:^2.0.0"
    micromark-util-types: "npm:^2.0.0"
  checksum: 10/933b9b96ca62cd50732d9e58ae90ba446f4314e0ecbff3127e9aae430d9a295346f88fb33b5532acaf648d659b0db92e0c00c2e9f504c0d7b8bb4553318cac50
  languageName: node
  linkType: hard

"micromark-extension-gfm-footnote@npm:2.1.0":
  version: 2.1.0
  resolution: "micromark-extension-gfm-footnote@npm:2.1.0"
  dependencies:
    devlop: "npm:^1.0.0"
    micromark-core-commonmark: "npm:^2.0.0"
    micromark-factory-space: "npm:^2.0.0"
    micromark-util-character: "npm:^2.0.0"
    micromark-util-normalize-identifier: "npm:^2.0.0"
    micromark-util-sanitize-uri: "npm:^2.0.0"
    micromark-util-symbol: "npm:^2.0.0"
    micromark-util-types: "npm:^2.0.0"
  checksum: 10/7e019414e31ab53c49c909b7068adbbcb1726433fce82bf735219276fe6e00a42b66288acb5c8831f80e77480fac34880eeeb60b1dc09d5885862b31db4b9ea2
  languageName: node
  linkType: hard

"micromark-extension-gfm-table@npm:2.1.0":
  version: 2.1.0
  resolution: "micromark-extension-gfm-table@npm:2.1.0"
  dependencies:
    devlop: "npm:^1.0.0"
    micromark-factory-space: "npm:^2.0.0"
    micromark-util-character: "npm:^2.0.0"
    micromark-util-symbol: "npm:^2.0.0"
    micromark-util-types: "npm:^2.0.0"
  checksum: 10/37385c3b6e4833f9d9a277f98062af40ccf8c70e83726ab0c1ef9d6cb5784dd18489d1df62b241e8289349be11f5ab0ab3337043fe004bc9150f1067f9476c9b
  languageName: node
  linkType: hard

"micromark-extension-math@npm:3.1.0":
  version: 3.1.0
  resolution: "micromark-extension-math@npm:3.1.0"
  dependencies:
    "@types/katex": "npm:^0.16.0"
    devlop: "npm:^1.0.0"
    katex: "npm:^0.16.0"
    micromark-factory-space: "npm:^2.0.0"
    micromark-util-character: "npm:^2.0.0"
    micromark-util-symbol: "npm:^2.0.0"
    micromark-util-types: "npm:^2.0.0"
  checksum: 10/37b2002aca15cf354ff754191379942f2b36df5ceeb69509294d80b4e158e8af83dda03c434e1497ccc597d63cf85a1ccc0d46f17770fc7692f76887404c8d1d
  languageName: node
  linkType: hard

"micromark-factory-destination@npm:^2.0.0":
  version: 2.0.1
  resolution: "micromark-factory-destination@npm:2.0.1"
  dependencies:
    micromark-util-character: "npm:^2.0.0"
    micromark-util-symbol: "npm:^2.0.0"
    micromark-util-types: "npm:^2.0.0"
  checksum: 10/9c4baa9ca2ed43c061bbf40ddd3d85154c2a0f1f485de9dea41d7dd2ad994ebb02034a003b2c1dbe228ba83a0576d591f0e90e0bf978713f84ee7d7f3aa98320
  languageName: node
  linkType: hard

"micromark-factory-label@npm:^2.0.0":
  version: 2.0.1
  resolution: "micromark-factory-label@npm:2.0.1"
  dependencies:
    devlop: "npm:^1.0.0"
    micromark-util-character: "npm:^2.0.0"
    micromark-util-symbol: "npm:^2.0.0"
    micromark-util-types: "npm:^2.0.0"
  checksum: 10/bd03f5a75f27cdbf03b894ddc5c4480fc0763061fecf9eb927d6429233c930394f223969a99472df142d570c831236134de3dc23245d23d9f046f9d0b623b5c2
  languageName: node
  linkType: hard

"micromark-factory-space@npm:^2.0.0":
  version: 2.0.1
  resolution: "micromark-factory-space@npm:2.0.1"
  dependencies:
    micromark-util-character: "npm:^2.0.0"
    micromark-util-types: "npm:^2.0.0"
  checksum: 10/1bd68a017c1a66f4787506660c1e1c5019169aac3b1cb075d49ac5e360e0b2065e984d4e1d6e9e52a9d44000f2fa1c98e66a743d7aae78b4b05616bf3242ed71
  languageName: node
  linkType: hard

"micromark-factory-title@npm:^2.0.0":
  version: 2.0.1
  resolution: "micromark-factory-title@npm:2.0.1"
  dependencies:
    micromark-factory-space: "npm:^2.0.0"
    micromark-util-character: "npm:^2.0.0"
    micromark-util-symbol: "npm:^2.0.0"
    micromark-util-types: "npm:^2.0.0"
  checksum: 10/b4d2e4850a8ba0dff25ce54e55a3eb0d43dda88a16293f53953153288f9d84bcdfa8ca4606b2cfbb4f132ea79587bbb478a73092a349f893f5264fbcdbce2ee1
  languageName: node
  linkType: hard

"micromark-factory-whitespace@npm:^2.0.0":
  version: 2.0.1
  resolution: "micromark-factory-whitespace@npm:2.0.1"
  dependencies:
    micromark-factory-space: "npm:^2.0.0"
    micromark-util-character: "npm:^2.0.0"
    micromark-util-symbol: "npm:^2.0.0"
    micromark-util-types: "npm:^2.0.0"
  checksum: 10/67b3944d012a42fee9e10e99178254a04d48af762b54c10a50fcab988688799993efb038daf9f5dbc04001a97b9c1b673fc6f00e6a56997877ab25449f0c8650
  languageName: node
  linkType: hard

"micromark-util-character@npm:^2.0.0":
  version: 2.1.1
  resolution: "micromark-util-character@npm:2.1.1"
  dependencies:
    micromark-util-symbol: "npm:^2.0.0"
    micromark-util-types: "npm:^2.0.0"
  checksum: 10/85da8f8e5f7ed16046575bef5b0964ca3fca3162b87b74ae279f1e48eb7160891313eb64f04606baed81c58b514dbdb64f1a9d110a51baaaa79225d72a7b1852
  languageName: node
  linkType: hard

"micromark-util-chunked@npm:^2.0.0":
  version: 2.0.1
  resolution: "micromark-util-chunked@npm:2.0.1"
  dependencies:
    micromark-util-symbol: "npm:^2.0.0"
  checksum: 10/f8cb2a67bcefe4bd2846d838c97b777101f0043b9f1de4f69baf3e26bb1f9885948444e3c3aec66db7595cad8173bd4567a000eb933576c233d54631f6323fe4
  languageName: node
  linkType: hard

"micromark-util-classify-character@npm:^2.0.0":
  version: 2.0.1
  resolution: "micromark-util-classify-character@npm:2.0.1"
  dependencies:
    micromark-util-character: "npm:^2.0.0"
    micromark-util-symbol: "npm:^2.0.0"
    micromark-util-types: "npm:^2.0.0"
  checksum: 10/4d8bbe3a6dbf69ac0fc43516866b5bab019fe3f4568edc525d4feaaaf78423fa54e6b6732b5bccbeed924455279a3758ffc9556954aafb903982598a95a02704
  languageName: node
  linkType: hard

"micromark-util-combine-extensions@npm:^2.0.0":
  version: 2.0.1
  resolution: "micromark-util-combine-extensions@npm:2.0.1"
  dependencies:
    micromark-util-chunked: "npm:^2.0.0"
    micromark-util-types: "npm:^2.0.0"
  checksum: 10/5d22fb9ee37e8143adfe128a72b50fa09568c2cc553b3c76160486c96dbbb298c5802a177a10a215144a604b381796071b5d35be1f2c2b2ee17995eda92f0c8e
  languageName: node
  linkType: hard

"micromark-util-decode-numeric-character-reference@npm:^2.0.0":
  version: 2.0.2
  resolution: "micromark-util-decode-numeric-character-reference@npm:2.0.2"
  dependencies:
    micromark-util-symbol: "npm:^2.0.0"
  checksum: 10/ee11c8bde51e250e302050474c4a2adca094bca05c69f6cdd241af12df285c48c88d19ee6e022b9728281c280be16328904adca994605680c43af56019f4b0b6
  languageName: node
  linkType: hard

"micromark-util-encode@npm:^2.0.0":
  version: 2.0.1
  resolution: "micromark-util-encode@npm:2.0.1"
  checksum: 10/be890b98e78dd0cdd953a313f4148c4692cc2fb05533e56fef5f421287d3c08feee38ca679f318e740530791fc251bfe8c80efa926fcceb4419b269c9343d226
  languageName: node
  linkType: hard

"micromark-util-html-tag-name@npm:^2.0.0":
  version: 2.0.1
  resolution: "micromark-util-html-tag-name@npm:2.0.1"
  checksum: 10/dea365f5ad28ad74ff29fcb581f7b74fc1f80271c5141b3b2bc91c454cbb6dfca753f28ae03730d657874fcbd89d0494d0e3965dfdca06d9855f467c576afa9d
  languageName: node
  linkType: hard

"micromark-util-normalize-identifier@npm:^2.0.0":
  version: 2.0.1
  resolution: "micromark-util-normalize-identifier@npm:2.0.1"
  dependencies:
    micromark-util-symbol: "npm:^2.0.0"
  checksum: 10/1eb9a289d7da067323df9fdc78bfa90ca3207ad8fd893ca02f3133e973adcb3743b233393d23d95c84ccaf5d220ae7f5a28402a644f135dcd4b8cfa60a7b5f84
  languageName: node
  linkType: hard

"micromark-util-resolve-all@npm:^2.0.0":
  version: 2.0.1
  resolution: "micromark-util-resolve-all@npm:2.0.1"
  dependencies:
    micromark-util-types: "npm:^2.0.0"
  checksum: 10/9275f3ddb6c26f254dd2158e66215d050454b279707a7d9ce5a3cd0eba23201021cedcb78ae1a746c1b23227dcc418ee40dd074ade195359506797a5493550cc
  languageName: node
  linkType: hard

"micromark-util-sanitize-uri@npm:^2.0.0":
  version: 2.0.1
  resolution: "micromark-util-sanitize-uri@npm:2.0.1"
  dependencies:
    micromark-util-character: "npm:^2.0.0"
    micromark-util-encode: "npm:^2.0.0"
    micromark-util-symbol: "npm:^2.0.0"
  checksum: 10/064c72abfc9777864ca0521a016dde62ab3e7af5215d10fd27e820798500d5d305da638459c589275c1a093cf588f493cc2f65273deac5a5331ecefc6c9ea78a
  languageName: node
  linkType: hard

"micromark-util-subtokenize@npm:^2.0.0":
  version: 2.0.3
  resolution: "micromark-util-subtokenize@npm:2.0.3"
  dependencies:
    devlop: "npm:^1.0.0"
    micromark-util-chunked: "npm:^2.0.0"
    micromark-util-symbol: "npm:^2.0.0"
    micromark-util-types: "npm:^2.0.0"
  checksum: 10/57b26f129f46424a4670bb47c50f13c7309bb1bc557c02150a788d1634337c1bb25a3523af3d6dffc29aaec873b3bd88fd931bfff34e64284e6436e23873ca22
  languageName: node
  linkType: hard

"micromark-util-symbol@npm:^2.0.0":
  version: 2.0.1
  resolution: "micromark-util-symbol@npm:2.0.1"
  checksum: 10/497e6d95fc21c2bb5265b78a6a60db518c376dc438739b2e7d4aee6f9f165222711724b456c63163314f32b8eea68a064687711d41e986262926eab23ddb9229
  languageName: node
  linkType: hard

"micromark-util-types@npm:2.0.1, micromark-util-types@npm:^2.0.0":
  version: 2.0.1
  resolution: "micromark-util-types@npm:2.0.1"
  checksum: 10/69c5e18e6ba4e12473d6fe5f1a7cc113ac1d4bfc23c7ad57b16a5e4bfd09ef48b7c17a40c39d43996f2078ad898efd3f1945007c14f395abd55f2af03d413acd
  languageName: node
  linkType: hard

"micromark@npm:4.0.1":
  version: 4.0.1
  resolution: "micromark@npm:4.0.1"
  dependencies:
    "@types/debug": "npm:^4.0.0"
    debug: "npm:^4.0.0"
    decode-named-character-reference: "npm:^1.0.0"
    devlop: "npm:^1.0.0"
    micromark-core-commonmark: "npm:^2.0.0"
    micromark-factory-space: "npm:^2.0.0"
    micromark-util-character: "npm:^2.0.0"
    micromark-util-chunked: "npm:^2.0.0"
    micromark-util-combine-extensions: "npm:^2.0.0"
    micromark-util-decode-numeric-character-reference: "npm:^2.0.0"
    micromark-util-encode: "npm:^2.0.0"
    micromark-util-normalize-identifier: "npm:^2.0.0"
    micromark-util-resolve-all: "npm:^2.0.0"
    micromark-util-sanitize-uri: "npm:^2.0.0"
    micromark-util-subtokenize: "npm:^2.0.0"
    micromark-util-symbol: "npm:^2.0.0"
    micromark-util-types: "npm:^2.0.0"
  checksum: 10/b948b1b239e589826bdaf2835daa9e88873e23d4b9148cd22109a86d4af55b96345cf9fc9059b6b19ae828f64d55e66f376ca3aeb4af3d2b0241560125f5dae6
  languageName: node
  linkType: hard

"micromatch@npm:4.0.8, micromatch@npm:^4.0.4, micromatch@npm:~4.0.8":
  version: 4.0.8
  resolution: "micromatch@npm:4.0.8"
  dependencies:
    braces: "npm:^3.0.3"
    picomatch: "npm:^2.3.1"
  checksum: 10/6bf2a01672e7965eb9941d1f02044fad2bd12486b5553dc1116ff24c09a8723157601dc992e74c911d896175918448762df3b3fd0a6b61037dd1a9766ddfbf58
  languageName: node
  linkType: hard

"mimic-fn@npm:^4.0.0":
  version: 4.0.0
  resolution: "mimic-fn@npm:4.0.0"
  checksum: 10/995dcece15ee29aa16e188de6633d43a3db4611bcf93620e7e62109ec41c79c0f34277165b8ce5e361205049766e371851264c21ac64ca35499acb5421c2ba56
  languageName: node
  linkType: hard

"mimic-function@npm:^5.0.0":
  version: 5.0.1
  resolution: "mimic-function@npm:5.0.1"
  checksum: 10/eb5893c99e902ccebbc267c6c6b83092966af84682957f79313311edb95e8bb5f39fb048d77132b700474d1c86d90ccc211e99bae0935447a4834eb4c882982c
  languageName: node
  linkType: hard

"ms@npm:^2.1.3":
  version: 2.1.3
  resolution: "ms@npm:2.1.3"
  checksum: 10/aa92de608021b242401676e35cfa5aa42dd70cbdc082b916da7fb925c542173e36bce97ea3e804923fe92c0ad991434e4a38327e15a1b5b5f945d66df615ae6d
  languageName: node
  linkType: hard

"npm-run-path@npm:^5.1.0":
  version: 5.2.0
  resolution: "npm-run-path@npm:5.2.0"
  dependencies:
    path-key: "npm:^4.0.0"
  checksum: 10/c5325e016014e715689c4014f7e0be16cc4cbf529f32a1723e511bc4689b5f823b704d2bca61ac152ce2bda65e0205dc8b3ba0ec0f5e4c3e162d302f6f5b9efb
  languageName: node
  linkType: hard

"onetime@npm:^6.0.0":
  version: 6.0.0
  resolution: "onetime@npm:6.0.0"
  dependencies:
    mimic-fn: "npm:^4.0.0"
  checksum: 10/0846ce78e440841335d4e9182ef69d5762e9f38aa7499b19f42ea1c4cd40f0b4446094c455c713f9adac3f4ae86f613bb5e30c99e52652764d06a89f709b3788
  languageName: node
  linkType: hard

"onetime@npm:^7.0.0":
  version: 7.0.0
  resolution: "onetime@npm:7.0.0"
  dependencies:
    mimic-function: "npm:^5.0.0"
  checksum: 10/eb08d2da9339819e2f9d52cab9caf2557d80e9af8c7d1ae86e1a0fef027d00a88e9f5bd67494d350df360f7c559fbb44e800b32f310fb989c860214eacbb561c
  languageName: node
  linkType: hard

"parse-entities@npm:^4.0.0":
  version: 4.0.1
  resolution: "parse-entities@npm:4.0.1"
  dependencies:
    "@types/unist": "npm:^2.0.0"
    character-entities: "npm:^2.0.0"
    character-entities-legacy: "npm:^3.0.0"
    character-reference-invalid: "npm:^2.0.0"
    decode-named-character-reference: "npm:^1.0.0"
    is-alphanumerical: "npm:^2.0.0"
    is-decimal: "npm:^2.0.0"
    is-hexadecimal: "npm:^2.0.0"
  checksum: 10/71314312d2482422fcf0b6675e020643bab424b11f64c654b7843652cae03842a7802eda1fed194ec435debb5db47a33513eb6b1176888e9e998a0368f01f5c8
  languageName: node
  linkType: hard

"path-key@npm:^3.1.0":
  version: 3.1.1
  resolution: "path-key@npm:3.1.1"
  checksum: 10/55cd7a9dd4b343412a8386a743f9c746ef196e57c823d90ca3ab917f90ab9f13dd0ded27252ba49dbdfcab2b091d998bc446f6220cd3cea65db407502a740020
  languageName: node
  linkType: hard

"path-key@npm:^4.0.0":
  version: 4.0.0
  resolution: "path-key@npm:4.0.0"
  checksum: 10/8e6c314ae6d16b83e93032c61020129f6f4484590a777eed709c4a01b50e498822b00f76ceaf94bc64dbd90b327df56ceadce27da3d83393790f1219e07721d7
  languageName: node
  linkType: hard

"path-type@npm:^5.0.0":
  version: 5.0.0
  resolution: "path-type@npm:5.0.0"
  checksum: 10/15ec24050e8932c2c98d085b72cfa0d6b4eeb4cbde151a0a05726d8afae85784fc5544f733d8dfc68536587d5143d29c0bd793623fad03d7e61cc00067291cd5
  languageName: node
  linkType: hard

"picomatch@npm:^2.3.1":
  version: 2.3.1
  resolution: "picomatch@npm:2.3.1"
  checksum: 10/60c2595003b05e4535394d1da94850f5372c9427ca4413b71210f437f7b2ca091dbd611c45e8b37d10036fa8eade25c1b8951654f9d3973bfa66a2ff4d3b08bc
  languageName: node
  linkType: hard

"pidtree@npm:~0.6.0":
  version: 0.6.0
  resolution: "pidtree@npm:0.6.0"
  bin:
    pidtree: bin/pidtree.js
  checksum: 10/ea67fb3159e170fd069020e0108ba7712df9f0fd13c8db9b2286762856ddce414fb33932e08df4bfe36e91fe860b51852aee49a6f56eb4714b69634343add5df
  languageName: node
  linkType: hard

"prettier@npm:^3.0.0, prettier@npm:^3.4.2":
  version: 3.4.2
  resolution: "prettier@npm:3.4.2"
  bin:
    prettier: bin/prettier.cjs
  checksum: 10/a3e806fb0b635818964d472d35d27e21a4e17150c679047f5501e1f23bd4aa806adf660f0c0d35214a210d5d440da6896c2e86156da55f221a57938278dc326e
  languageName: node
  linkType: hard

"punycode.js@npm:^2.3.1":
  version: 2.3.1
  resolution: "punycode.js@npm:2.3.1"
  checksum: 10/f0e946d1edf063f9e3d30a32ca86d8ff90ed13ca40dad9c75d37510a04473340cfc98db23a905cc1e517b1e9deb0f6021dce6f422ace235c60d3c9ac47c5a16a
  languageName: node
  linkType: hard

"queue-microtask@npm:^1.2.2":
  version: 1.2.3
  resolution: "queue-microtask@npm:1.2.3"
  checksum: 10/72900df0616e473e824202113c3df6abae59150dfb73ed13273503127235320e9c8ca4aaaaccfd58cf417c6ca92a6e68ee9a5c3182886ae949a768639b388a7b
  languageName: node
  linkType: hard

"restore-cursor@npm:^5.0.0":
  version: 5.1.0
  resolution: "restore-cursor@npm:5.1.0"
  dependencies:
    onetime: "npm:^7.0.0"
    signal-exit: "npm:^4.1.0"
  checksum: 10/838dd54e458d89cfbc1a923b343c1b0f170a04100b4ce1733e97531842d7b440463967e521216e8ab6c6f8e89df877acc7b7f4c18ec76e99fb9bf5a60d358d2c
  languageName: node
  linkType: hard

"reusify@npm:^1.0.4":
  version: 1.0.4
  resolution: "reusify@npm:1.0.4"
  checksum: 10/14222c9e1d3f9ae01480c50d96057228a8524706db79cdeb5a2ce5bb7070dd9f409a6f84a02cbef8cdc80d39aef86f2dd03d155188a1300c599b05437dcd2ffb
  languageName: node
  linkType: hard

"rfdc@npm:^1.4.1":
  version: 1.4.1
  resolution: "rfdc@npm:1.4.1"
  checksum: 10/2f3d11d3d8929b4bfeefc9acb03aae90f971401de0add5ae6c5e38fec14f0405e6a4aad8fdb76344bfdd20c5193110e3750cbbd28ba86d73729d222b6cf4a729
  languageName: node
  linkType: hard

"run-parallel@npm:^1.1.9":
  version: 1.2.0
  resolution: "run-parallel@npm:1.2.0"
  dependencies:
    queue-microtask: "npm:^1.2.2"
  checksum: 10/cb4f97ad25a75ebc11a8ef4e33bb962f8af8516bb2001082ceabd8902e15b98f4b84b4f8a9b222e5d57fc3bd1379c483886ed4619367a7680dad65316993021d
  languageName: node
  linkType: hard

"shebang-command@npm:^2.0.0":
  version: 2.0.0
  resolution: "shebang-command@npm:2.0.0"
  dependencies:
    shebang-regex: "npm:^3.0.0"
  checksum: 10/6b52fe87271c12968f6a054e60f6bde5f0f3d2db483a1e5c3e12d657c488a15474121a1d55cd958f6df026a54374ec38a4a963988c213b7570e1d51575cea7fa
  languageName: node
  linkType: hard

"shebang-regex@npm:^3.0.0":
  version: 3.0.0
  resolution: "shebang-regex@npm:3.0.0"
  checksum: 10/1a2bcae50de99034fcd92ad4212d8e01eedf52c7ec7830eedcf886622804fe36884278f2be8be0ea5fde3fd1c23911643a4e0f726c8685b61871c8908af01222
  languageName: node
  linkType: hard

"signal-exit@npm:^4.1.0":
  version: 4.1.0
  resolution: "signal-exit@npm:4.1.0"
  checksum: 10/c9fa63bbbd7431066174a48ba2dd9986dfd930c3a8b59de9c29d7b6854ec1c12a80d15310869ea5166d413b99f041bfa3dd80a7947bcd44ea8e6eb3ffeabfa1f
  languageName: node
  linkType: hard

"slash@npm:^5.1.0":
  version: 5.1.0
  resolution: "slash@npm:5.1.0"
  checksum: 10/2c41ec6fb1414cd9bba0fa6b1dd00e8be739e3fe85d079c69d4b09ca5f2f86eafd18d9ce611c0c0f686428638a36c272a6ac14799146a8295f259c10cc45cde4
  languageName: node
  linkType: hard

"slice-ansi@npm:^5.0.0":
  version: 5.0.0
  resolution: "slice-ansi@npm:5.0.0"
  dependencies:
    ansi-styles: "npm:^6.0.0"
    is-fullwidth-code-point: "npm:^4.0.0"
  checksum: 10/7e600a2a55e333a21ef5214b987c8358fe28bfb03c2867ff2cbf919d62143d1812ac27b4297a077fdaf27a03da3678e49551c93e35f9498a3d90221908a1180e
  languageName: node
  linkType: hard

"slice-ansi@npm:^7.1.0":
  version: 7.1.0
  resolution: "slice-ansi@npm:7.1.0"
  dependencies:
    ansi-styles: "npm:^6.2.1"
    is-fullwidth-code-point: "npm:^5.0.0"
  checksum: 10/10313dd3cf7a2e4b265f527b1684c7c568210b09743fd1bd74f2194715ed13ffba653dc93a5fa79e3b1711518b8990a732cb7143aa01ddafe626e99dfa6474b2
  languageName: node
  linkType: hard

"string-argv@npm:~0.3.2":
  version: 0.3.2
  resolution: "string-argv@npm:0.3.2"
  checksum: 10/f9d3addf887026b4b5f997a271149e93bf71efc8692e7dc0816e8807f960b18bcb9787b45beedf0f97ff459575ee389af3f189d8b649834cac602f2e857e75af
  languageName: node
  linkType: hard

"string-width@npm:^7.0.0":
  version: 7.0.0
  resolution: "string-width@npm:7.0.0"
  dependencies:
    emoji-regex: "npm:^10.3.0"
    get-east-asian-width: "npm:^1.0.0"
    strip-ansi: "npm:^7.1.0"
  checksum: 10/bc0de5700a2690895169fce447ec4ed44bc62de80312c2093d5606bfd48319bb88e48a99e97f269dff2bc9577448b91c26b3804c16e7d9b389699795e4655c3b
  languageName: node
  linkType: hard

"strip-ansi@npm:^7.1.0":
  version: 7.1.0
  resolution: "strip-ansi@npm:7.1.0"
  dependencies:
    ansi-regex: "npm:^6.0.1"
  checksum: 10/475f53e9c44375d6e72807284024ac5d668ee1d06010740dec0b9744f2ddf47de8d7151f80e5f6190fc8f384e802fdf9504b76a7e9020c9faee7103623338be2
  languageName: node
  linkType: hard

"strip-final-newline@npm:^3.0.0":
  version: 3.0.0
  resolution: "strip-final-newline@npm:3.0.0"
  checksum: 10/23ee263adfa2070cd0f23d1ac14e2ed2f000c9b44229aec9c799f1367ec001478469560abefd00c5c99ee6f0b31c137d53ec6029c53e9f32a93804e18c201050
  languageName: node
  linkType: hard

"to-regex-range@npm:^5.0.1":
  version: 5.0.1
  resolution: "to-regex-range@npm:5.0.1"
  dependencies:
    is-number: "npm:^7.0.0"
  checksum: 10/10dda13571e1f5ad37546827e9b6d4252d2e0bc176c24a101252153ef435d83696e2557fe128c4678e4e78f5f01e83711c703eef9814eb12dab028580d45980a
  languageName: node
  linkType: hard

"uc.micro@npm:^2.0.0, uc.micro@npm:^2.1.0":
  version: 2.1.0
  resolution: "uc.micro@npm:2.1.0"
  checksum: 10/37197358242eb9afe367502d4638ac8c5838b78792ab218eafe48287b0ed28aaca268ec0392cc5729f6c90266744de32c06ae938549aee041fc93b0f9672d6b2
  languageName: node
  linkType: hard

"unicorn-magic@npm:^0.1.0":
  version: 0.1.0
  resolution: "unicorn-magic@npm:0.1.0"
  checksum: 10/9b4d0e9809807823dc91d0920a4a4c0cff2de3ebc54ee87ac1ee9bc75eafd609b09d1f14495e0173aef26e01118706196b6ab06a75fe0841028b3983a8af313f
  languageName: node
  linkType: hard

"which@npm:^2.0.1":
  version: 2.0.2
  resolution: "which@npm:2.0.2"
  dependencies:
    isexe: "npm:^2.0.0"
  bin:
    node-which: ./bin/node-which
  checksum: 10/4782f8a1d6b8fc12c65e968fea49f59752bf6302dc43036c3bf87da718a80710f61a062516e9764c70008b487929a73546125570acea95c5b5dcc8ac3052c70f
  languageName: node
  linkType: hard

"wrap-ansi@npm:^9.0.0":
  version: 9.0.0
  resolution: "wrap-ansi@npm:9.0.0"
  dependencies:
    ansi-styles: "npm:^6.2.1"
    string-width: "npm:^7.0.0"
    strip-ansi: "npm:^7.1.0"
  checksum: 10/b9d91564c091cf3978a7c18ca0f3e4d4606e83549dbe59cf76f5e77feefdd5ec91443155e8102630524d10a8c275efac8a7082c0f26fa43e6b989dc150d176ce
  languageName: node
  linkType: hard

"yaml@npm:~2.6.1":
  version: 2.6.1
  resolution: "yaml@npm:2.6.1"
  bin:
    yaml: bin.mjs
  checksum: 10/cf412f03a33886db0a3aac70bb4165588f4c5b3c6f8fc91520b71491e5537800b6c2c73ed52015617f6e191eb4644c73c92973960a1999779c62a200ee4c231d
  languageName: node
  linkType: hard
