# This file is generated by running "yarn install" inside your project.
# Manual changes might be lost - proceed with caution!

__metadata:
  version: 8
  cacheKey: 10

"@nodelib/fs.scandir@npm:2.1.5":
  version: 2.1.5
  resolution: "@nodelib/fs.scandir@npm:2.1.5"
  dependencies:
    "@nodelib/fs.stat": "npm:2.0.5"
    run-parallel: "npm:^1.1.9"
  checksum: 10/6ab2a9b8a1d67b067922c36f259e3b3dfd6b97b219c540877a4944549a4d49ea5ceba5663905ab5289682f1f3c15ff441d02f0447f620a42e1cb5e1937174d4b
  languageName: node
  linkType: hard

"@nodelib/fs.stat@npm:2.0.5, @nodelib/fs.stat@npm:^2.0.2":
  version: 2.0.5
  resolution: "@nodelib/fs.stat@npm:2.0.5"
  checksum: 10/012480b5ca9d97bff9261571dbbec7bbc6033f69cc92908bc1ecfad0792361a5a1994bc48674b9ef76419d056a03efadfce5a6cf6dbc0a36559571a7a483f6f0
  languageName: node
  linkType: hard

"@nodelib/fs.walk@npm:^1.2.3":
  version: 1.2.8
  resolution: "@nodelib/fs.walk@npm:1.2.8"
  dependencies:
    "@nodelib/fs.scandir": "npm:2.1.5"
    fastq: "npm:^1.6.0"
  checksum: 10/40033e33e96e97d77fba5a238e4bba4487b8284678906a9f616b5579ddaf868a18874c0054a75402c9fbaaa033a25ceae093af58c9c30278e35c23c9479e79b0
  languageName: node
  linkType: hard

"@sapphire/prettier-config@npm:^2.0.0":
  version: 2.0.0
  resolution: "@sapphire/prettier-config@npm:2.0.0"
  dependencies:
    prettier: "npm:^3.0.0"
  checksum: 10/900ec710173f05a31e3fe25151221d2c5f0d385d2f6e0b68d3a4713412e70871e6b64c3107d1f6952fff7e5032cb37186b9b522ab1eb048bbde6de09e8ecb027
  languageName: node
  linkType: hard

"@sindresorhus/merge-streams@npm:^2.1.0":
  version: 2.3.0
  resolution: "@sindresorhus/merge-streams@npm:2.3.0"
  checksum: 10/798bcb53cd1ace9df84fcdd1ba86afdc9e0cd84f5758d26ae9b1eefd8e8887e5fc30051132b9e74daf01bb41fa5a2faf1369361f83d76a3b3d7ee938058fd71c
  languageName: node
  linkType: hard

"ansi-escapes@npm:^6.2.0":
  version: 6.2.0
  resolution: "ansi-escapes@npm:6.2.0"
  dependencies:
    type-fest: "npm:^3.0.0"
  checksum: 10/442f91b04650b35bc4815f47c20412d69ddbba5d4bf22f72ec03be352fca2de6819c7e3f4dfd17816ee4e0c6c965fe85e6f1b3f09683996a8d12fd366afd924e
  languageName: node
  linkType: hard

"ansi-regex@npm:^6.0.1":
  version: 6.0.1
  resolution: "ansi-regex@npm:6.0.1"
  checksum: 10/1ff8b7667cded1de4fa2c9ae283e979fc87036864317da86a2e546725f96406746411d0d85e87a2d12fa5abd715d90006de7fa4fa0477c92321ad3b4c7d4e169
  languageName: node
  linkType: hard

"ansi-styles@npm:^6.0.0, ansi-styles@npm:^6.2.1":
  version: 6.2.1
  resolution: "ansi-styles@npm:6.2.1"
  checksum: 10/70fdf883b704d17a5dfc9cde206e698c16bcd74e7f196ab821511651aee4f9f76c9514bdfa6ca3a27b5e49138b89cb222a28caf3afe4567570139577f991df32
  languageName: node
  linkType: hard

"argparse@npm:^2.0.1":
  version: 2.0.1
  resolution: "argparse@npm:2.0.1"
  checksum: 10/18640244e641a417ec75a9bd38b0b2b6b95af5199aa241b131d4b2fb206f334d7ecc600bd194861610a5579084978bfcbb02baa399dbe442d56d0ae5e60dbaef
  languageName: node
  linkType: hard

"awesome-sapphire@workspace:.":
  version: 0.0.0-use.local
  resolution: "awesome-sapphire@workspace:."
  dependencies:
    "@sapphire/prettier-config": "npm:^2.0.0"
    lint-staged: "npm:^15.2.7"
    markdownlint: "npm:^0.34.0"
    markdownlint-cli2: "npm:^0.13.0"
    prettier: "npm:^3.3.3"
  languageName: unknown
  linkType: soft

"braces@npm:^3.0.2, braces@npm:^3.0.3":
  version: 3.0.3
  resolution: "braces@npm:3.0.3"
  dependencies:
    fill-range: "npm:^7.1.1"
  checksum: 10/fad11a0d4697a27162840b02b1fad249c1683cbc510cd5bf1a471f2f8085c046d41094308c577a50a03a579dd99d5a6b3724c4b5e8b14df2c4443844cfcda2c6
  languageName: node
  linkType: hard

"chalk@npm:~5.3.0":
  version: 5.3.0
  resolution: "chalk@npm:5.3.0"
  checksum: 10/6373caaab21bd64c405bfc4bd9672b145647fc9482657b5ea1d549b3b2765054e9d3d928870cdf764fb4aad67555f5061538ff247b8310f110c5c888d92397ea
  languageName: node
  linkType: hard

"cli-cursor@npm:^4.0.0":
  version: 4.0.0
  resolution: "cli-cursor@npm:4.0.0"
  dependencies:
    restore-cursor: "npm:^4.0.0"
  checksum: 10/ab3f3ea2076e2176a1da29f9d64f72ec3efad51c0960898b56c8a17671365c26e67b735920530eaf7328d61f8bd41c27f46b9cf6e4e10fe2fa44b5e8c0e392cc
  languageName: node
  linkType: hard

"cli-truncate@npm:^4.0.0":
  version: 4.0.0
  resolution: "cli-truncate@npm:4.0.0"
  dependencies:
    slice-ansi: "npm:^5.0.0"
    string-width: "npm:^7.0.0"
  checksum: 10/d5149175fd25ca985731bdeec46a55ec237475cf74c1a5e103baea696aceb45e372ac4acbaabf1316f06bd62e348123060f8191ffadfeedebd2a70a2a7fb199d
  languageName: node
  linkType: hard

"colorette@npm:^2.0.20":
  version: 2.0.20
  resolution: "colorette@npm:2.0.20"
  checksum: 10/0b8de48bfa5d10afc160b8eaa2b9938f34a892530b2f7d7897e0458d9535a066e3998b49da9d21161c78225b272df19ae3a64d6df28b4c9734c0e55bbd02406f
  languageName: node
  linkType: hard

"commander@npm:~12.1.0":
  version: 12.1.0
  resolution: "commander@npm:12.1.0"
  checksum: 10/cdaeb672d979816853a4eed7f1310a9319e8b976172485c2a6b437ed0db0a389a44cfb222bfbde772781efa9f215bdd1b936f80d6b249485b465c6cb906e1f93
  languageName: node
  linkType: hard

"cross-spawn@npm:^7.0.3":
  version: 7.0.3
  resolution: "cross-spawn@npm:7.0.3"
  dependencies:
    path-key: "npm:^3.1.0"
    shebang-command: "npm:^2.0.0"
    which: "npm:^2.0.1"
  checksum: 10/e1a13869d2f57d974de0d9ef7acbf69dc6937db20b918525a01dacb5032129bd552d290d886d981e99f1b624cb03657084cc87bd40f115c07ecf376821c729ce
  languageName: node
  linkType: hard

"debug@npm:~4.3.4":
  version: 4.3.4
  resolution: "debug@npm:4.3.4"
  dependencies:
    ms: "npm:2.1.2"
  peerDependenciesMeta:
    supports-color:
      optional: true
  checksum: 10/0073c3bcbd9cb7d71dd5f6b55be8701af42df3e56e911186dfa46fac3a5b9eb7ce7f377dd1d3be6db8977221f8eb333d945216f645cf56f6b688cd484837d255
  languageName: node
  linkType: hard

"emoji-regex@npm:^10.3.0":
  version: 10.3.0
  resolution: "emoji-regex@npm:10.3.0"
  checksum: 10/b9b084ebe904f13bb4b66ee4c29fb41a7a4a1165adcc33c1ce8056c0194b882cc91ebdc782f1a779b5d7ea7375c5064643a7734893d7c657b44c5c6b9d7bf1e7
  languageName: node
  linkType: hard

"entities@npm:^4.4.0":
  version: 4.5.0
  resolution: "entities@npm:4.5.0"
  checksum: 10/ede2a35c9bce1aeccd055a1b445d41c75a14a2bb1cd22e242f20cf04d236cdcd7f9c859eb83f76885327bfae0c25bf03303665ee1ce3d47c5927b98b0e3e3d48
  languageName: node
  linkType: hard

"eventemitter3@npm:^5.0.1":
  version: 5.0.1
  resolution: "eventemitter3@npm:5.0.1"
  checksum: 10/ac6423ec31124629c84c7077eed1e6987f6d66c31cf43c6fcbf6c87791d56317ce808d9ead483652436df171b526fc7220eccdc9f3225df334e81582c3cf7dd5
  languageName: node
  linkType: hard

"execa@npm:~8.0.1":
  version: 8.0.1
  resolution: "execa@npm:8.0.1"
  dependencies:
    cross-spawn: "npm:^7.0.3"
    get-stream: "npm:^8.0.1"
    human-signals: "npm:^5.0.0"
    is-stream: "npm:^3.0.0"
    merge-stream: "npm:^2.0.0"
    npm-run-path: "npm:^5.1.0"
    onetime: "npm:^6.0.0"
    signal-exit: "npm:^4.1.0"
    strip-final-newline: "npm:^3.0.0"
  checksum: 10/d2ab5fe1e2bb92b9788864d0713f1fce9a07c4594e272c0c97bc18c90569897ab262e4ea58d27a694d288227a2e24f16f5e2575b44224ad9983b799dc7f1098d
  languageName: node
  linkType: hard

"fast-glob@npm:^3.3.2":
  version: 3.3.2
  resolution: "fast-glob@npm:3.3.2"
  dependencies:
    "@nodelib/fs.stat": "npm:^2.0.2"
    "@nodelib/fs.walk": "npm:^1.2.3"
    glob-parent: "npm:^5.1.2"
    merge2: "npm:^1.3.0"
    micromatch: "npm:^4.0.4"
  checksum: 10/222512e9315a0efca1276af9adb2127f02105d7288fa746145bf45e2716383fb79eb983c89601a72a399a56b7c18d38ce70457c5466218c5f13fad957cee16df
  languageName: node
  linkType: hard

"fastq@npm:^1.6.0":
  version: 1.16.0
  resolution: "fastq@npm:1.16.0"
  dependencies:
    reusify: "npm:^1.0.4"
  checksum: 10/de151543aab9d91900ed5da88860c46987ece925c628df586fac664235f25e020ec20729e1c032edb5fd2520fd4aa5b537d69e39b689e65e82112cfbecb4479e
  languageName: node
  linkType: hard

"fill-range@npm:^7.1.1":
  version: 7.1.1
  resolution: "fill-range@npm:7.1.1"
  dependencies:
    to-regex-range: "npm:^5.0.1"
  checksum: 10/a7095cb39e5bc32fada2aa7c7249d3f6b01bd1ce461a61b0adabacccabd9198500c6fb1f68a7c851a657e273fce2233ba869638897f3d7ed2e87a2d89b4436ea
  languageName: node
  linkType: hard

"get-east-asian-width@npm:^1.0.0":
  version: 1.2.0
  resolution: "get-east-asian-width@npm:1.2.0"
  checksum: 10/c9b280e7c7c67fb89fa17e867c4a9d1c9f1321aba2a9ee27bff37fb6ca9552bccda328c70a80c1f83a0e39ba1b7e3427e60f47823402d19e7a41b83417ec047a
  languageName: node
  linkType: hard

"get-stream@npm:^8.0.1":
  version: 8.0.1
  resolution: "get-stream@npm:8.0.1"
  checksum: 10/dde5511e2e65a48e9af80fea64aff11b4921b14b6e874c6f8294c50975095af08f41bfb0b680c887f28b566dd6ec2cb2f960f9d36a323359be324ce98b766e9e
  languageName: node
  linkType: hard

"glob-parent@npm:^5.1.2":
  version: 5.1.2
  resolution: "glob-parent@npm:5.1.2"
  dependencies:
    is-glob: "npm:^4.0.1"
  checksum: 10/32cd106ce8c0d83731966d31517adb766d02c3812de49c30cfe0675c7c0ae6630c11214c54a5ae67aca882cf738d27fd7768f21aa19118b9245950554be07247
  languageName: node
  linkType: hard

"globby@npm:14.0.1":
  version: 14.0.1
  resolution: "globby@npm:14.0.1"
  dependencies:
    "@sindresorhus/merge-streams": "npm:^2.1.0"
    fast-glob: "npm:^3.3.2"
    ignore: "npm:^5.2.4"
    path-type: "npm:^5.0.0"
    slash: "npm:^5.1.0"
    unicorn-magic: "npm:^0.1.0"
  checksum: 10/b36f57afc45a857a884d82657603c7e1663b1e6f3f9afbeb53d12e42230469fc5b26a7e14a01e51086f3f25c138f58a7002036fcc8f3ca054097b6dd7c71d639
  languageName: node
  linkType: hard

"human-signals@npm:^5.0.0":
  version: 5.0.0
  resolution: "human-signals@npm:5.0.0"
  checksum: 10/30f8870d831cdcd2d6ec0486a7d35d49384996742052cee792854273fa9dd9e7d5db06bb7985d4953e337e10714e994e0302e90dc6848069171b05ec836d65b0
  languageName: node
  linkType: hard

"ignore@npm:^5.2.4":
  version: 5.3.0
  resolution: "ignore@npm:5.3.0"
  checksum: 10/51594355cea4c6ad6b28b3b85eb81afa7b988a1871feefd7062baf136c95aa06760ee934fa9590e43d967bd377ce84a4cf6135fbeb6063e063f1182a0e9a3bcd
  languageName: node
  linkType: hard

"is-extglob@npm:^2.1.1":
  version: 2.1.1
  resolution: "is-extglob@npm:2.1.1"
  checksum: 10/df033653d06d0eb567461e58a7a8c9f940bd8c22274b94bf7671ab36df5719791aae15eef6d83bbb5e23283967f2f984b8914559d4449efda578c775c4be6f85
  languageName: node
  linkType: hard

"is-fullwidth-code-point@npm:^4.0.0":
  version: 4.0.0
  resolution: "is-fullwidth-code-point@npm:4.0.0"
  checksum: 10/8ae89bf5057bdf4f57b346fb6c55e9c3dd2549983d54191d722d5c739397a903012cc41a04ee3403fd872e811243ef91a7c5196da7b5841dc6b6aae31a264a8d
  languageName: node
  linkType: hard

"is-fullwidth-code-point@npm:^5.0.0":
  version: 5.0.0
  resolution: "is-fullwidth-code-point@npm:5.0.0"
  dependencies:
    get-east-asian-width: "npm:^1.0.0"
  checksum: 10/8dfb2d2831b9e87983c136f5c335cd9d14c1402973e357a8ff057904612ed84b8cba196319fabedf9aefe4639e14fe3afe9d9966d1d006ebeb40fe1fed4babe5
  languageName: node
  linkType: hard

"is-glob@npm:^4.0.1":
  version: 4.0.3
  resolution: "is-glob@npm:4.0.3"
  dependencies:
    is-extglob: "npm:^2.1.1"
  checksum: 10/3ed74f2b0cdf4f401f38edb0442ddfde3092d79d7d35c9919c86641efdbcbb32e45aa3c0f70ce5eecc946896cd5a0f26e4188b9f2b881876f7cb6c505b82da11
  languageName: node
  linkType: hard

"is-number@npm:^7.0.0":
  version: 7.0.0
  resolution: "is-number@npm:7.0.0"
  checksum: 10/6a6c3383f68afa1e05b286af866017c78f1226d43ac8cb064e115ff9ed85eb33f5c4f7216c96a71e4dfea289ef52c5da3aef5bbfade8ffe47a0465d70c0c8e86
  languageName: node
  linkType: hard

"is-stream@npm:^3.0.0":
  version: 3.0.0
  resolution: "is-stream@npm:3.0.0"
  checksum: 10/172093fe99119ffd07611ab6d1bcccfe8bc4aa80d864b15f43e63e54b7abc71e779acd69afdb854c4e2a67fdc16ae710e370eda40088d1cfc956a50ed82d8f16
  languageName: node
  linkType: hard

"isexe@npm:^2.0.0":
  version: 2.0.0
  resolution: "isexe@npm:2.0.0"
  checksum: 10/7c9f715c03aff08f35e98b1fadae1b9267b38f0615d501824f9743f3aab99ef10e303ce7db3f186763a0b70a19de5791ebfc854ff884d5a8c4d92211f642ec92
  languageName: node
  linkType: hard

"js-yaml@npm:4.1.0":
  version: 4.1.0
  resolution: "js-yaml@npm:4.1.0"
  dependencies:
    argparse: "npm:^2.0.1"
  bin:
    js-yaml: bin/js-yaml.js
  checksum: 10/c138a34a3fd0d08ebaf71273ad4465569a483b8a639e0b118ff65698d257c2791d3199e3f303631f2cb98213fa7b5f5d6a4621fd0fff819421b990d30d967140
  languageName: node
  linkType: hard

"jsonc-parser@npm:3.2.1":
  version: 3.2.1
  resolution: "jsonc-parser@npm:3.2.1"
  checksum: 10/fe2df6f39e21653781d52cae20c5b9e0ab62461918d97f9430b216cea9b6500efc1d8b42c6584cc0a7548b4c996055e9cdc39f09b9782fa6957af2f45306c530
  languageName: node
  linkType: hard

"lilconfig@npm:~3.1.1":
  version: 3.1.1
  resolution: "lilconfig@npm:3.1.1"
  checksum: 10/c80fbf98ae7d1daf435e16a83fe3c63743b9d92804cac6dc53ee081c7c265663645c3162d8a0d04ff1874f9c07df145519743317dee67843234c6ed279300f83
  languageName: node
  linkType: hard

"linkify-it@npm:^5.0.0":
  version: 5.0.0
  resolution: "linkify-it@npm:5.0.0"
  dependencies:
    uc.micro: "npm:^2.0.0"
  checksum: 10/ef3b7609dda6ec0c0be8a7b879cea195f0d36387b0011660cd6711bba0ad82137f59b458b7e703ec74f11d88e7c1328e2ad9b855a8500c0ded67461a8c4519e6
  languageName: node
  linkType: hard

"lint-staged@npm:^15.2.7":
  version: 15.2.7
  resolution: "lint-staged@npm:15.2.7"
  dependencies:
    chalk: "npm:~5.3.0"
    commander: "npm:~12.1.0"
    debug: "npm:~4.3.4"
    execa: "npm:~8.0.1"
    lilconfig: "npm:~3.1.1"
    listr2: "npm:~8.2.1"
    micromatch: "npm:~4.0.7"
    pidtree: "npm:~0.6.0"
    string-argv: "npm:~0.3.2"
    yaml: "npm:~2.4.2"
  bin:
    lint-staged: bin/lint-staged.js
  checksum: 10/7557bcf4e8dc0555f2c7e6a8ab6f5dfd7faaaed632a5d9e598768c86f786267ca216f8005068796a8118884d322a1c7f8f93e57c01b3e556475b77297ddad34f
  languageName: node
  linkType: hard

"listr2@npm:~8.2.1":
  version: 8.2.1
  resolution: "listr2@npm:8.2.1"
  dependencies:
    cli-truncate: "npm:^4.0.0"
    colorette: "npm:^2.0.20"
    eventemitter3: "npm:^5.0.1"
    log-update: "npm:^6.0.0"
    rfdc: "npm:^1.3.1"
    wrap-ansi: "npm:^9.0.0"
  checksum: 10/1d33348682fee7af49c91d508f970fb58897fbc722a17ae6b9d4d904c909e105ead8c123652238bc99462b1e323c56e6e62877a03d788ca32fe706cfec283789
  languageName: node
  linkType: hard

"log-update@npm:^6.0.0":
  version: 6.0.0
  resolution: "log-update@npm:6.0.0"
  dependencies:
    ansi-escapes: "npm:^6.2.0"
    cli-cursor: "npm:^4.0.0"
    slice-ansi: "npm:^7.0.0"
    strip-ansi: "npm:^7.1.0"
    wrap-ansi: "npm:^9.0.0"
  checksum: 10/b345f392c356087290918f1bdaae84ee38699c89c9274fafbb6f4cee2fe6f89f9737000111279a40e651fbe0e9c08803b0457c2a4800d8a405752804f73058a8
  languageName: node
  linkType: hard

"markdown-it@npm:14.1.0":
  version: 14.1.0
  resolution: "markdown-it@npm:14.1.0"
  dependencies:
    argparse: "npm:^2.0.1"
    entities: "npm:^4.4.0"
    linkify-it: "npm:^5.0.0"
    mdurl: "npm:^2.0.0"
    punycode.js: "npm:^2.3.1"
    uc.micro: "npm:^2.1.0"
  bin:
    markdown-it: bin/markdown-it.mjs
  checksum: 10/f34f921be178ed0607ba9e3e27c733642be445e9bb6b1dba88da7aafe8ba1bc5d2f1c3aa8f3fc33b49a902da4e4c08c2feadfafb290b8c7dda766208bb6483a9
  languageName: node
  linkType: hard

"markdownlint-cli2-formatter-default@npm:0.0.4":
  version: 0.0.4
  resolution: "markdownlint-cli2-formatter-default@npm:0.0.4"
  peerDependencies:
    markdownlint-cli2: ">=0.0.4"
  checksum: 10/533971d6b04e5ff283af497bf13ba4a18aff582439a36e9fceeb01ab74b432085d1deccfa1e84e585fc7a12f5cd89d15fc6ccb797a8efd25d673d6d3b9a4c076
  languageName: node
  linkType: hard

"markdownlint-cli2@npm:^0.13.0":
  version: 0.13.0
  resolution: "markdownlint-cli2@npm:0.13.0"
  dependencies:
    globby: "npm:14.0.1"
    js-yaml: "npm:4.1.0"
    jsonc-parser: "npm:3.2.1"
    markdownlint: "npm:0.34.0"
    markdownlint-cli2-formatter-default: "npm:0.0.4"
    micromatch: "npm:4.0.5"
  bin:
    markdownlint-cli2: markdownlint-cli2.js
  checksum: 10/786db4dfe43483c2643f8fbd9e07aeac024c4be4f052ab772d19d53f8175a3ba25045e26ab465c259cac410b62b2e35632f5feb476b4457e0bd850430508831f
  languageName: node
  linkType: hard

"markdownlint-micromark@npm:0.1.9":
  version: 0.1.9
  resolution: "markdownlint-micromark@npm:0.1.9"
  checksum: 10/5afe89df00bfa07868aea5be4b4f68ee294ab86948e405371c503054e819c34de4c7db800422c4b3cf913625c6868cd0c2b4787d6136ffa907545026f7d564de
  languageName: node
  linkType: hard

"markdownlint@npm:0.34.0, markdownlint@npm:^0.34.0":
  version: 0.34.0
  resolution: "markdownlint@npm:0.34.0"
  dependencies:
    markdown-it: "npm:14.1.0"
    markdownlint-micromark: "npm:0.1.9"
  checksum: 10/668900d3d94bffb9856ca3fccfdb7246c9541a5f910b3295c0cad3e49ab6a57a77c43d41c0febb9831a70888ebfc73ba7ab6e4098e2d99dc5c2d4317ca8d4087
  languageName: node
  linkType: hard

"mdurl@npm:^2.0.0":
  version: 2.0.0
  resolution: "mdurl@npm:2.0.0"
  checksum: 10/1720349d4a53e401aa993241368e35c0ad13d816ad0b28388928c58ca9faa0cf755fa45f18ccbf64f4ce54a845a50ddce5c84e4016897b513096a68dac4b0158
  languageName: node
  linkType: hard

"merge-stream@npm:^2.0.0":
  version: 2.0.0
  resolution: "merge-stream@npm:2.0.0"
  checksum: 10/6fa4dcc8d86629705cea944a4b88ef4cb0e07656ebf223fa287443256414283dd25d91c1cd84c77987f2aec5927af1a9db6085757cb43d90eb170ebf4b47f4f4
  languageName: node
  linkType: hard

"merge2@npm:^1.3.0":
  version: 1.4.1
  resolution: "merge2@npm:1.4.1"
  checksum: 10/7268db63ed5169466540b6fb947aec313200bcf6d40c5ab722c22e242f651994619bcd85601602972d3c85bd2cc45a358a4c61937e9f11a061919a1da569b0c2
  languageName: node
  linkType: hard

"micromatch@npm:4.0.5":
  version: 4.0.5
  resolution: "micromatch@npm:4.0.5"
  dependencies:
    braces: "npm:^3.0.2"
    picomatch: "npm:^2.3.1"
  checksum: 10/a749888789fc15cac0e03273844dbd749f9f8e8d64e70c564bcf06a033129554c789bb9e30d7566d7ff6596611a08e58ac12cf2a05f6e3c9c47c50c4c7e12fa2
  languageName: node
  linkType: hard

"micromatch@npm:^4.0.4, micromatch@npm:~4.0.7":
  version: 4.0.7
  resolution: "micromatch@npm:4.0.7"
  dependencies:
    braces: "npm:^3.0.3"
    picomatch: "npm:^2.3.1"
  checksum: 10/a11ed1cb67dcbbe9a5fc02c4062cf8bb0157d73bf86956003af8dcfdf9b287f9e15ec0f6d6925ff6b8b5b496202335e497b01de4d95ef6cf06411bc5e5c474a0
  languageName: node
  linkType: hard

"mimic-fn@npm:^2.1.0":
  version: 2.1.0
  resolution: "mimic-fn@npm:2.1.0"
  checksum: 10/d2421a3444848ce7f84bd49115ddacff29c15745db73f54041edc906c14b131a38d05298dae3081667627a59b2eb1ca4b436ff2e1b80f69679522410418b478a
  languageName: node
  linkType: hard

"mimic-fn@npm:^4.0.0":
  version: 4.0.0
  resolution: "mimic-fn@npm:4.0.0"
  checksum: 10/995dcece15ee29aa16e188de6633d43a3db4611bcf93620e7e62109ec41c79c0f34277165b8ce5e361205049766e371851264c21ac64ca35499acb5421c2ba56
  languageName: node
  linkType: hard

"ms@npm:2.1.2":
  version: 2.1.2
  resolution: "ms@npm:2.1.2"
  checksum: 10/673cdb2c3133eb050c745908d8ce632ed2c02d85640e2edb3ace856a2266a813b30c613569bf3354fdf4ea7d1a1494add3bfa95e2713baa27d0c2c71fc44f58f
  languageName: node
  linkType: hard

"npm-run-path@npm:^5.1.0":
  version: 5.2.0
  resolution: "npm-run-path@npm:5.2.0"
  dependencies:
    path-key: "npm:^4.0.0"
  checksum: 10/c5325e016014e715689c4014f7e0be16cc4cbf529f32a1723e511bc4689b5f823b704d2bca61ac152ce2bda65e0205dc8b3ba0ec0f5e4c3e162d302f6f5b9efb
  languageName: node
  linkType: hard

"onetime@npm:^5.1.0":
  version: 5.1.2
  resolution: "onetime@npm:5.1.2"
  dependencies:
    mimic-fn: "npm:^2.1.0"
  checksum: 10/e9fd0695a01cf226652f0385bf16b7a24153dbbb2039f764c8ba6d2306a8506b0e4ce570de6ad99c7a6eb49520743afdb66edd95ee979c1a342554ed49a9aadd
  languageName: node
  linkType: hard

"onetime@npm:^6.0.0":
  version: 6.0.0
  resolution: "onetime@npm:6.0.0"
  dependencies:
    mimic-fn: "npm:^4.0.0"
  checksum: 10/0846ce78e440841335d4e9182ef69d5762e9f38aa7499b19f42ea1c4cd40f0b4446094c455c713f9adac3f4ae86f613bb5e30c99e52652764d06a89f709b3788
  languageName: node
  linkType: hard

"path-key@npm:^3.1.0":
  version: 3.1.1
  resolution: "path-key@npm:3.1.1"
  checksum: 10/55cd7a9dd4b343412a8386a743f9c746ef196e57c823d90ca3ab917f90ab9f13dd0ded27252ba49dbdfcab2b091d998bc446f6220cd3cea65db407502a740020
  languageName: node
  linkType: hard

"path-key@npm:^4.0.0":
  version: 4.0.0
  resolution: "path-key@npm:4.0.0"
  checksum: 10/8e6c314ae6d16b83e93032c61020129f6f4484590a777eed709c4a01b50e498822b00f76ceaf94bc64dbd90b327df56ceadce27da3d83393790f1219e07721d7
  languageName: node
  linkType: hard

"path-type@npm:^5.0.0":
  version: 5.0.0
  resolution: "path-type@npm:5.0.0"
  checksum: 10/15ec24050e8932c2c98d085b72cfa0d6b4eeb4cbde151a0a05726d8afae85784fc5544f733d8dfc68536587d5143d29c0bd793623fad03d7e61cc00067291cd5
  languageName: node
  linkType: hard

"picomatch@npm:^2.3.1":
  version: 2.3.1
  resolution: "picomatch@npm:2.3.1"
  checksum: 10/60c2595003b05e4535394d1da94850f5372c9427ca4413b71210f437f7b2ca091dbd611c45e8b37d10036fa8eade25c1b8951654f9d3973bfa66a2ff4d3b08bc
  languageName: node
  linkType: hard

"pidtree@npm:~0.6.0":
  version: 0.6.0
  resolution: "pidtree@npm:0.6.0"
  bin:
    pidtree: bin/pidtree.js
  checksum: 10/ea67fb3159e170fd069020e0108ba7712df9f0fd13c8db9b2286762856ddce414fb33932e08df4bfe36e91fe860b51852aee49a6f56eb4714b69634343add5df
  languageName: node
  linkType: hard

"prettier@npm:^3.0.0, prettier@npm:^3.3.3":
  version: 3.3.3
  resolution: "prettier@npm:3.3.3"
  bin:
    prettier: bin/prettier.cjs
  checksum: 10/5beac1f30b5b40162532b8e2f7c3a4eb650910a2695e9c8512a62ffdc09dae93190c29db9107fa7f26d1b6c71aad3628ecb9b5de1ecb0911191099be109434d7
  languageName: node
  linkType: hard

"punycode.js@npm:^2.3.1":
  version: 2.3.1
  resolution: "punycode.js@npm:2.3.1"
  checksum: 10/f0e946d1edf063f9e3d30a32ca86d8ff90ed13ca40dad9c75d37510a04473340cfc98db23a905cc1e517b1e9deb0f6021dce6f422ace235c60d3c9ac47c5a16a
  languageName: node
  linkType: hard

"queue-microtask@npm:^1.2.2":
  version: 1.2.3
  resolution: "queue-microtask@npm:1.2.3"
  checksum: 10/72900df0616e473e824202113c3df6abae59150dfb73ed13273503127235320e9c8ca4aaaaccfd58cf417c6ca92a6e68ee9a5c3182886ae949a768639b388a7b
  languageName: node
  linkType: hard

"restore-cursor@npm:^4.0.0":
  version: 4.0.0
  resolution: "restore-cursor@npm:4.0.0"
  dependencies:
    onetime: "npm:^5.1.0"
    signal-exit: "npm:^3.0.2"
  checksum: 10/5b675c5a59763bf26e604289eab35711525f11388d77f409453904e1e69c0d37ae5889295706b2c81d23bd780165084d040f9b68fffc32cc921519031c4fa4af
  languageName: node
  linkType: hard

"reusify@npm:^1.0.4":
  version: 1.0.4
  resolution: "reusify@npm:1.0.4"
  checksum: 10/14222c9e1d3f9ae01480c50d96057228a8524706db79cdeb5a2ce5bb7070dd9f409a6f84a02cbef8cdc80d39aef86f2dd03d155188a1300c599b05437dcd2ffb
  languageName: node
  linkType: hard

"rfdc@npm:^1.3.1":
  version: 1.3.1
  resolution: "rfdc@npm:1.3.1"
  checksum: 10/44cc6a82e2fe1db13b7d3c54e9ffd0b40ef070cbde69ffbfbb38dab8cee46bd68ba686784b96365ff08d04798bc121c3465663a0c91f2c421c90546c4366f4a6
  languageName: node
  linkType: hard

"run-parallel@npm:^1.1.9":
  version: 1.2.0
  resolution: "run-parallel@npm:1.2.0"
  dependencies:
    queue-microtask: "npm:^1.2.2"
  checksum: 10/cb4f97ad25a75ebc11a8ef4e33bb962f8af8516bb2001082ceabd8902e15b98f4b84b4f8a9b222e5d57fc3bd1379c483886ed4619367a7680dad65316993021d
  languageName: node
  linkType: hard

"shebang-command@npm:^2.0.0":
  version: 2.0.0
  resolution: "shebang-command@npm:2.0.0"
  dependencies:
    shebang-regex: "npm:^3.0.0"
  checksum: 10/6b52fe87271c12968f6a054e60f6bde5f0f3d2db483a1e5c3e12d657c488a15474121a1d55cd958f6df026a54374ec38a4a963988c213b7570e1d51575cea7fa
  languageName: node
  linkType: hard

"shebang-regex@npm:^3.0.0":
  version: 3.0.0
  resolution: "shebang-regex@npm:3.0.0"
  checksum: 10/1a2bcae50de99034fcd92ad4212d8e01eedf52c7ec7830eedcf886622804fe36884278f2be8be0ea5fde3fd1c23911643a4e0f726c8685b61871c8908af01222
  languageName: node
  linkType: hard

"signal-exit@npm:^3.0.2":
  version: 3.0.7
  resolution: "signal-exit@npm:3.0.7"
  checksum: 10/a2f098f247adc367dffc27845853e9959b9e88b01cb301658cfe4194352d8d2bb32e18467c786a7fe15f1d44b233ea35633d076d5e737870b7139949d1ab6318
  languageName: node
  linkType: hard

"signal-exit@npm:^4.1.0":
  version: 4.1.0
  resolution: "signal-exit@npm:4.1.0"
  checksum: 10/c9fa63bbbd7431066174a48ba2dd9986dfd930c3a8b59de9c29d7b6854ec1c12a80d15310869ea5166d413b99f041bfa3dd80a7947bcd44ea8e6eb3ffeabfa1f
  languageName: node
  linkType: hard

"slash@npm:^5.1.0":
  version: 5.1.0
  resolution: "slash@npm:5.1.0"
  checksum: 10/2c41ec6fb1414cd9bba0fa6b1dd00e8be739e3fe85d079c69d4b09ca5f2f86eafd18d9ce611c0c0f686428638a36c272a6ac14799146a8295f259c10cc45cde4
  languageName: node
  linkType: hard

"slice-ansi@npm:^5.0.0":
  version: 5.0.0
  resolution: "slice-ansi@npm:5.0.0"
  dependencies:
    ansi-styles: "npm:^6.0.0"
    is-fullwidth-code-point: "npm:^4.0.0"
  checksum: 10/7e600a2a55e333a21ef5214b987c8358fe28bfb03c2867ff2cbf919d62143d1812ac27b4297a077fdaf27a03da3678e49551c93e35f9498a3d90221908a1180e
  languageName: node
  linkType: hard

"slice-ansi@npm:^7.0.0":
  version: 7.1.0
  resolution: "slice-ansi@npm:7.1.0"
  dependencies:
    ansi-styles: "npm:^6.2.1"
    is-fullwidth-code-point: "npm:^5.0.0"
  checksum: 10/10313dd3cf7a2e4b265f527b1684c7c568210b09743fd1bd74f2194715ed13ffba653dc93a5fa79e3b1711518b8990a732cb7143aa01ddafe626e99dfa6474b2
  languageName: node
  linkType: hard

"string-argv@npm:~0.3.2":
  version: 0.3.2
  resolution: "string-argv@npm:0.3.2"
  checksum: 10/f9d3addf887026b4b5f997a271149e93bf71efc8692e7dc0816e8807f960b18bcb9787b45beedf0f97ff459575ee389af3f189d8b649834cac602f2e857e75af
  languageName: node
  linkType: hard

"string-width@npm:^7.0.0":
  version: 7.0.0
  resolution: "string-width@npm:7.0.0"
  dependencies:
    emoji-regex: "npm:^10.3.0"
    get-east-asian-width: "npm:^1.0.0"
    strip-ansi: "npm:^7.1.0"
  checksum: 10/bc0de5700a2690895169fce447ec4ed44bc62de80312c2093d5606bfd48319bb88e48a99e97f269dff2bc9577448b91c26b3804c16e7d9b389699795e4655c3b
  languageName: node
  linkType: hard

"strip-ansi@npm:^7.1.0":
  version: 7.1.0
  resolution: "strip-ansi@npm:7.1.0"
  dependencies:
    ansi-regex: "npm:^6.0.1"
  checksum: 10/475f53e9c44375d6e72807284024ac5d668ee1d06010740dec0b9744f2ddf47de8d7151f80e5f6190fc8f384e802fdf9504b76a7e9020c9faee7103623338be2
  languageName: node
  linkType: hard

"strip-final-newline@npm:^3.0.0":
  version: 3.0.0
  resolution: "strip-final-newline@npm:3.0.0"
  checksum: 10/23ee263adfa2070cd0f23d1ac14e2ed2f000c9b44229aec9c799f1367ec001478469560abefd00c5c99ee6f0b31c137d53ec6029c53e9f32a93804e18c201050
  languageName: node
  linkType: hard

"to-regex-range@npm:^5.0.1":
  version: 5.0.1
  resolution: "to-regex-range@npm:5.0.1"
  dependencies:
    is-number: "npm:^7.0.0"
  checksum: 10/10dda13571e1f5ad37546827e9b6d4252d2e0bc176c24a101252153ef435d83696e2557fe128c4678e4e78f5f01e83711c703eef9814eb12dab028580d45980a
  languageName: node
  linkType: hard

"type-fest@npm:^3.0.0":
  version: 3.13.1
  resolution: "type-fest@npm:3.13.1"
  checksum: 10/9a8a2359ada34c9b3affcaf3a8f73ee14c52779e89950db337ce66fb74c3399776c697c99f2532e9b16e10e61cfdba3b1c19daffb93b338b742f0acd0117ce12
  languageName: node
  linkType: hard

"uc.micro@npm:^2.0.0, uc.micro@npm:^2.1.0":
  version: 2.1.0
  resolution: "uc.micro@npm:2.1.0"
  checksum: 10/37197358242eb9afe367502d4638ac8c5838b78792ab218eafe48287b0ed28aaca268ec0392cc5729f6c90266744de32c06ae938549aee041fc93b0f9672d6b2
  languageName: node
  linkType: hard

"unicorn-magic@npm:^0.1.0":
  version: 0.1.0
  resolution: "unicorn-magic@npm:0.1.0"
  checksum: 10/9b4d0e9809807823dc91d0920a4a4c0cff2de3ebc54ee87ac1ee9bc75eafd609b09d1f14495e0173aef26e01118706196b6ab06a75fe0841028b3983a8af313f
  languageName: node
  linkType: hard

"which@npm:^2.0.1":
  version: 2.0.2
  resolution: "which@npm:2.0.2"
  dependencies:
    isexe: "npm:^2.0.0"
  bin:
    node-which: ./bin/node-which
  checksum: 10/4782f8a1d6b8fc12c65e968fea49f59752bf6302dc43036c3bf87da718a80710f61a062516e9764c70008b487929a73546125570acea95c5b5dcc8ac3052c70f
  languageName: node
  linkType: hard

"wrap-ansi@npm:^9.0.0":
  version: 9.0.0
  resolution: "wrap-ansi@npm:9.0.0"
  dependencies:
    ansi-styles: "npm:^6.2.1"
    string-width: "npm:^7.0.0"
    strip-ansi: "npm:^7.1.0"
  checksum: 10/b9d91564c091cf3978a7c18ca0f3e4d4606e83549dbe59cf76f5e77feefdd5ec91443155e8102630524d10a8c275efac8a7082c0f26fa43e6b989dc150d176ce
  languageName: node
  linkType: hard

"yaml@npm:~2.4.2":
  version: 2.4.2
  resolution: "yaml@npm:2.4.2"
  bin:
    yaml: bin.mjs
  checksum: 10/6eafbcd68dead734035f6f72af21bd820c29214caf7d8e40c595671a3c908535cef8092b9660a1c055c5833aa148aa640e0c5fa4adb5af2dacd6d28296ccd81c
  languageName: node
  linkType: hard
