# This file is generated by running "yarn install" inside your project.
# Manual changes might be lost - proceed with caution!

__metadata:
  version: 6
  cacheKey: 8

"@nodelib/fs.scandir@npm:2.1.5":
  version: 2.1.5
  resolution: "@nodelib/fs.scandir@npm:2.1.5"
  dependencies:
    "@nodelib/fs.stat": 2.0.5
    run-parallel: ^1.1.9
  checksum: a970d595bd23c66c880e0ef1817791432dbb7acbb8d44b7e7d0e7a22f4521260d4a83f7f9fd61d44fda4610105577f8f58a60718105fb38352baed612fd79e59
  languageName: node
  linkType: hard

"@nodelib/fs.stat@npm:2.0.5, @nodelib/fs.stat@npm:^2.0.2":
  version: 2.0.5
  resolution: "@nodelib/fs.stat@npm:2.0.5"
  checksum: 012480b5ca9d97bff9261571dbbec7bbc6033f69cc92908bc1ecfad0792361a5a1994bc48674b9ef76419d056a03efadfce5a6cf6dbc0a36559571a7a483f6f0
  languageName: node
  linkType: hard

"@nodelib/fs.walk@npm:^1.2.3":
  version: 1.2.8
  resolution: "@nodelib/fs.walk@npm:1.2.8"
  dependencies:
    "@nodelib/fs.scandir": 2.1.5
    fastq: ^1.6.0
  checksum: 190c643f156d8f8f277bf2a6078af1ffde1fd43f498f187c2db24d35b4b4b5785c02c7dc52e356497b9a1b65b13edc996de08de0b961c32844364da02986dc53
  languageName: node
  linkType: hard

"@sapphire/prettier-config@npm:^2.0.0":
  version: 2.0.0
  resolution: "@sapphire/prettier-config@npm:2.0.0"
  dependencies:
    prettier: ^3.0.0
  checksum: 5e7aa2f3c29587d8bd409d66e75ffa5ff6d6b98df6bdfb82dedb6d43b6134a5ba764d95dfc6b252b92bb4a56f125b22b83737449ee8dbf1d2ff41b0f1b6e87f7
  languageName: node
  linkType: hard

"ansi-escapes@npm:^5.0.0":
  version: 5.0.0
  resolution: "ansi-escapes@npm:5.0.0"
  dependencies:
    type-fest: ^1.0.2
  checksum: d4b5eb8207df38367945f5dd2ef41e08c28edc192dc766ef18af6b53736682f49d8bfcfa4e4d6ecbc2e2f97c258fda084fb29a9e43b69170b71090f771afccac
  languageName: node
  linkType: hard

"ansi-regex@npm:^5.0.1":
  version: 5.0.1
  resolution: "ansi-regex@npm:5.0.1"
  checksum: 2aa4bb54caf2d622f1afdad09441695af2a83aa3fe8b8afa581d205e57ed4261c183c4d3877cee25794443fde5876417d859c108078ab788d6af7e4fe52eb66b
  languageName: node
  linkType: hard

"ansi-styles@npm:^6.0.0, ansi-styles@npm:^6.1.0":
  version: 6.2.1
  resolution: "ansi-styles@npm:6.2.1"
  checksum: ef940f2f0ced1a6347398da88a91da7930c33ecac3c77b72c5905f8b8fe402c52e6fde304ff5347f616e27a742da3f1dc76de98f6866c69251ad0b07a66776d9
  languageName: node
  linkType: hard

"argparse@npm:^2.0.1":
  version: 2.0.1
  resolution: "argparse@npm:2.0.1"
  checksum: 83644b56493e89a254bae05702abf3a1101b4fa4d0ca31df1c9985275a5a5bd47b3c27b7fa0b71098d41114d8ca000e6ed90cad764b306f8a503665e4d517ced
  languageName: node
  linkType: hard

"awesome-sapphire@workspace:.":
  version: 0.0.0-use.local
  resolution: "awesome-sapphire@workspace:."
  dependencies:
    "@sapphire/prettier-config": ^2.0.0
    husky: ^8.0.3
    lint-staged: ^14.0.0
    markdownlint: ^0.30.0
    markdownlint-cli2: ^0.8.1
    prettier: ^3.0.2
  languageName: unknown
  linkType: soft

"braces@npm:^3.0.2":
  version: 3.0.2
  resolution: "braces@npm:3.0.2"
  dependencies:
    fill-range: ^7.0.1
  checksum: e2a8e769a863f3d4ee887b5fe21f63193a891c68b612ddb4b68d82d1b5f3ff9073af066c343e9867a393fe4c2555dcb33e89b937195feb9c1613d259edfcd459
  languageName: node
  linkType: hard

"chalk@npm:5.3.0":
  version: 5.3.0
  resolution: "chalk@npm:5.3.0"
  checksum: 623922e077b7d1e9dedaea6f8b9e9352921f8ae3afe739132e0e00c275971bdd331268183b2628cf4ab1727c45ea1f28d7e24ac23ce1db1eb653c414ca8a5a80
  languageName: node
  linkType: hard

"cli-cursor@npm:^4.0.0":
  version: 4.0.0
  resolution: "cli-cursor@npm:4.0.0"
  dependencies:
    restore-cursor: ^4.0.0
  checksum: ab3f3ea2076e2176a1da29f9d64f72ec3efad51c0960898b56c8a17671365c26e67b735920530eaf7328d61f8bd41c27f46b9cf6e4e10fe2fa44b5e8c0e392cc
  languageName: node
  linkType: hard

"cli-truncate@npm:^3.1.0":
  version: 3.1.0
  resolution: "cli-truncate@npm:3.1.0"
  dependencies:
    slice-ansi: ^5.0.0
    string-width: ^5.0.0
  checksum: c3243e41974445691c63f8b405df1d5a24049dc33d324fe448dc572e561a7b772ae982692900b1a5960901cc4fc7def25a629b9c69a4208ee89d12ab3332617a
  languageName: node
  linkType: hard

"colorette@npm:^2.0.20":
  version: 2.0.20
  resolution: "colorette@npm:2.0.20"
  checksum: 0c016fea2b91b733eb9f4bcdb580018f52c0bc0979443dad930e5037a968237ac53d9beb98e218d2e9235834f8eebce7f8e080422d6194e957454255bde71d3d
  languageName: node
  linkType: hard

"commander@npm:11.0.0":
  version: 11.0.0
  resolution: "commander@npm:11.0.0"
  checksum: 6621954e1e1d078b4991c1f5bbd9439ad37aa7768d6ab4842de1dbd4d222c8a27e1b8e62108b3a92988614af45031d5bb2a2aaa92951f4d0c934d1a1ac564bb4
  languageName: node
  linkType: hard

"cross-spawn@npm:^7.0.3":
  version: 7.0.3
  resolution: "cross-spawn@npm:7.0.3"
  dependencies:
    path-key: ^3.1.0
    shebang-command: ^2.0.0
    which: ^2.0.1
  checksum: 671cc7c7288c3a8406f3c69a3ae2fc85555c04169e9d611def9a675635472614f1c0ed0ef80955d5b6d4e724f6ced67f0ad1bb006c2ea643488fcfef994d7f52
  languageName: node
  linkType: hard

"debug@npm:4.3.4":
  version: 4.3.4
  resolution: "debug@npm:4.3.4"
  dependencies:
    ms: 2.1.2
  peerDependenciesMeta:
    supports-color:
      optional: true
  checksum: 3dbad3f94ea64f34431a9cbf0bafb61853eda57bff2880036153438f50fb5a84f27683ba0d8e5426bf41a8c6ff03879488120cf5b3a761e77953169c0600a708
  languageName: node
  linkType: hard

"dir-glob@npm:^3.0.1":
  version: 3.0.1
  resolution: "dir-glob@npm:3.0.1"
  dependencies:
    path-type: ^4.0.0
  checksum: fa05e18324510d7283f55862f3161c6759a3f2f8dbce491a2fc14c8324c498286c54282c1f0e933cb930da8419b30679389499b919122952a4f8592362ef4615
  languageName: node
  linkType: hard

"eastasianwidth@npm:^0.2.0":
  version: 0.2.0
  resolution: "eastasianwidth@npm:0.2.0"
  checksum: 7d00d7cd8e49b9afa762a813faac332dee781932d6f2c848dc348939c4253f1d4564341b7af1d041853bc3f32c2ef141b58e0a4d9862c17a7f08f68df1e0f1ed
  languageName: node
  linkType: hard

"emoji-regex@npm:^9.2.2":
  version: 9.2.2
  resolution: "emoji-regex@npm:9.2.2"
  checksum: 8487182da74aabd810ac6d6f1994111dfc0e331b01271ae01ec1eb0ad7b5ecc2bbbbd2f053c05cb55a1ac30449527d819bbfbf0e3de1023db308cbcb47f86601
  languageName: node
  linkType: hard

"entities@npm:~3.0.1":
  version: 3.0.1
  resolution: "entities@npm:3.0.1"
  checksum: aaf7f12033f0939be91f5161593f853f2da55866db55ccbf72f45430b8977e2b79dbd58c53d0fdd2d00bd7d313b75b0968d09f038df88e308aa97e39f9456572
  languageName: node
  linkType: hard

"eventemitter3@npm:^5.0.1":
  version: 5.0.1
  resolution: "eventemitter3@npm:5.0.1"
  checksum: 543d6c858ab699303c3c32e0f0f47fc64d360bf73c3daf0ac0b5079710e340d6fe9f15487f94e66c629f5f82cd1a8678d692f3dbb6f6fcd1190e1b97fcad36f8
  languageName: node
  linkType: hard

"execa@npm:7.2.0":
  version: 7.2.0
  resolution: "execa@npm:7.2.0"
  dependencies:
    cross-spawn: ^7.0.3
    get-stream: ^6.0.1
    human-signals: ^4.3.0
    is-stream: ^3.0.0
    merge-stream: ^2.0.0
    npm-run-path: ^5.1.0
    onetime: ^6.0.0
    signal-exit: ^3.0.7
    strip-final-newline: ^3.0.0
  checksum: 14fd17ba0ca8c87b277584d93b1d9fc24f2a65e5152b31d5eb159a3b814854283eaae5f51efa9525e304447e2f757c691877f7adff8fde5746aae67eb1edd1cc
  languageName: node
  linkType: hard

"fast-glob@npm:^3.2.11":
  version: 3.2.12
  resolution: "fast-glob@npm:3.2.12"
  dependencies:
    "@nodelib/fs.stat": ^2.0.2
    "@nodelib/fs.walk": ^1.2.3
    glob-parent: ^5.1.2
    merge2: ^1.3.0
    micromatch: ^4.0.4
  checksum: 0b1990f6ce831c7e28c4d505edcdaad8e27e88ab9fa65eedadb730438cfc7cde4910d6c975d6b7b8dc8a73da4773702ebcfcd6e3518e73938bb1383badfe01c2
  languageName: node
  linkType: hard

"fastq@npm:^1.6.0":
  version: 1.15.0
  resolution: "fastq@npm:1.15.0"
  dependencies:
    reusify: ^1.0.4
  checksum: 0170e6bfcd5d57a70412440b8ef600da6de3b2a6c5966aeaf0a852d542daff506a0ee92d6de7679d1de82e644bce69d7a574a6c93f0b03964b5337eed75ada1a
  languageName: node
  linkType: hard

"fill-range@npm:^7.0.1":
  version: 7.0.1
  resolution: "fill-range@npm:7.0.1"
  dependencies:
    to-regex-range: ^5.0.1
  checksum: cc283f4e65b504259e64fd969bcf4def4eb08d85565e906b7d36516e87819db52029a76b6363d0f02d0d532f0033c9603b9e2d943d56ee3b0d4f7ad3328ff917
  languageName: node
  linkType: hard

"get-stream@npm:^6.0.1":
  version: 6.0.1
  resolution: "get-stream@npm:6.0.1"
  checksum: e04ecece32c92eebf5b8c940f51468cd53554dcbb0ea725b2748be583c9523d00128137966afce410b9b051eb2ef16d657cd2b120ca8edafcf5a65e81af63cad
  languageName: node
  linkType: hard

"glob-parent@npm:^5.1.2":
  version: 5.1.2
  resolution: "glob-parent@npm:5.1.2"
  dependencies:
    is-glob: ^4.0.1
  checksum: f4f2bfe2425296e8a47e36864e4f42be38a996db40420fe434565e4480e3322f18eb37589617a98640c5dc8fdec1a387007ee18dbb1f3f5553409c34d17f425e
  languageName: node
  linkType: hard

"globby@npm:13.1.4":
  version: 13.1.4
  resolution: "globby@npm:13.1.4"
  dependencies:
    dir-glob: ^3.0.1
    fast-glob: ^3.2.11
    ignore: ^5.2.0
    merge2: ^1.4.1
    slash: ^4.0.0
  checksum: e8bc13879972082d590cd1b0e27080d90d2e12fff7eeb2cee9329c29115ace14cc5b9f899e3d6beb136ba826307a727016658919a6f383e1511d698acee81741
  languageName: node
  linkType: hard

"human-signals@npm:^4.3.0":
  version: 4.3.1
  resolution: "human-signals@npm:4.3.1"
  checksum: 6f12958df3f21b6fdaf02d90896c271df00636a31e2bbea05bddf817a35c66b38a6fdac5863e2df85bd52f34958997f1f50350ff97249e1dff8452865d5235d1
  languageName: node
  linkType: hard

"husky@npm:^8.0.3":
  version: 8.0.3
  resolution: "husky@npm:8.0.3"
  bin:
    husky: lib/bin.js
  checksum: 837bc7e4413e58c1f2946d38fb050f5d7324c6f16b0fd66411ffce5703b294bd21429e8ba58711cd331951ee86ed529c5be4f76805959ff668a337dbfa82a1b0
  languageName: node
  linkType: hard

"ignore@npm:^5.2.0":
  version: 5.2.4
  resolution: "ignore@npm:5.2.4"
  checksum: 3d4c309c6006e2621659311783eaea7ebcd41fe4ca1d78c91c473157ad6666a57a2df790fe0d07a12300d9aac2888204d7be8d59f9aaf665b1c7fcdb432517ef
  languageName: node
  linkType: hard

"is-extglob@npm:^2.1.1":
  version: 2.1.1
  resolution: "is-extglob@npm:2.1.1"
  checksum: df033653d06d0eb567461e58a7a8c9f940bd8c22274b94bf7671ab36df5719791aae15eef6d83bbb5e23283967f2f984b8914559d4449efda578c775c4be6f85
  languageName: node
  linkType: hard

"is-fullwidth-code-point@npm:^4.0.0":
  version: 4.0.0
  resolution: "is-fullwidth-code-point@npm:4.0.0"
  checksum: 8ae89bf5057bdf4f57b346fb6c55e9c3dd2549983d54191d722d5c739397a903012cc41a04ee3403fd872e811243ef91a7c5196da7b5841dc6b6aae31a264a8d
  languageName: node
  linkType: hard

"is-glob@npm:^4.0.1":
  version: 4.0.3
  resolution: "is-glob@npm:4.0.3"
  dependencies:
    is-extglob: ^2.1.1
  checksum: d381c1319fcb69d341cc6e6c7cd588e17cd94722d9a32dbd60660b993c4fb7d0f19438674e68dfec686d09b7c73139c9166b47597f846af387450224a8101ab4
  languageName: node
  linkType: hard

"is-number@npm:^7.0.0":
  version: 7.0.0
  resolution: "is-number@npm:7.0.0"
  checksum: 456ac6f8e0f3111ed34668a624e45315201dff921e5ac181f8ec24923b99e9f32ca1a194912dc79d539c97d33dba17dc635202ff0b2cf98326f608323276d27a
  languageName: node
  linkType: hard

"is-stream@npm:^3.0.0":
  version: 3.0.0
  resolution: "is-stream@npm:3.0.0"
  checksum: 172093fe99119ffd07611ab6d1bcccfe8bc4aa80d864b15f43e63e54b7abc71e779acd69afdb854c4e2a67fdc16ae710e370eda40088d1cfc956a50ed82d8f16
  languageName: node
  linkType: hard

"isexe@npm:^2.0.0":
  version: 2.0.0
  resolution: "isexe@npm:2.0.0"
  checksum: 26bf6c5480dda5161c820c5b5c751ae1e766c587b1f951ea3fcfc973bafb7831ae5b54a31a69bd670220e42e99ec154475025a468eae58ea262f813fdc8d1c62
  languageName: node
  linkType: hard

"lilconfig@npm:2.1.0":
  version: 2.1.0
  resolution: "lilconfig@npm:2.1.0"
  checksum: 8549bb352b8192375fed4a74694cd61ad293904eee33f9d4866c2192865c44c4eb35d10782966242634e0cbc1e91fe62b1247f148dc5514918e3a966da7ea117
  languageName: node
  linkType: hard

"linkify-it@npm:^4.0.1":
  version: 4.0.1
  resolution: "linkify-it@npm:4.0.1"
  dependencies:
    uc.micro: ^1.0.1
  checksum: 3e0a29921269c14eb7ac6f5db2da68d4854ea9acca6e9014a323f75f2dd39b197ffab57c1fbd6a906ceb021aad3ee6d7ba7d0181236dd9630ffc452b392f7f71
  languageName: node
  linkType: hard

"lint-staged@npm:^14.0.0":
  version: 14.0.0
  resolution: "lint-staged@npm:14.0.0"
  dependencies:
    chalk: 5.3.0
    commander: 11.0.0
    debug: 4.3.4
    execa: 7.2.0
    lilconfig: 2.1.0
    listr2: 6.6.1
    micromatch: 4.0.5
    pidtree: 0.6.0
    string-argv: 0.3.2
    yaml: 2.3.1
  bin:
    lint-staged: bin/lint-staged.js
  checksum: 7269cd21c15a7b5734a28775f879a91f6b59291bec9a897a1f2faae1cd8316dd50e19fd13207fb6798c705eb5371a25caee0e2dfd5932fbcd38ea5f8155f918c
  languageName: node
  linkType: hard

"listr2@npm:6.6.1":
  version: 6.6.1
  resolution: "listr2@npm:6.6.1"
  dependencies:
    cli-truncate: ^3.1.0
    colorette: ^2.0.20
    eventemitter3: ^5.0.1
    log-update: ^5.0.1
    rfdc: ^1.3.0
    wrap-ansi: ^8.1.0
  peerDependencies:
    enquirer: ">= 2.3.0 < 3"
  peerDependenciesMeta:
    enquirer:
      optional: true
  checksum: 99600e8a51f838f7208bce7e16d6b3d91d361f13881e6aa91d0b561a9a093ddcf63b7bc2a7b47aec7fdbff9d0e8c9f68cb66e6dfe2d857e5b1df8ab045c26ce8
  languageName: node
  linkType: hard

"log-update@npm:^5.0.1":
  version: 5.0.1
  resolution: "log-update@npm:5.0.1"
  dependencies:
    ansi-escapes: ^5.0.0
    cli-cursor: ^4.0.0
    slice-ansi: ^5.0.0
    strip-ansi: ^7.0.1
    wrap-ansi: ^8.0.1
  checksum: 2c6b47dcce6f9233df6d232a37d9834cb3657a0749ef6398f1706118de74c55f158587d4128c225297ea66803f35c5ac3db4f3f617046d817233c45eedc32ef1
  languageName: node
  linkType: hard

"markdown-it@npm:13.0.1":
  version: 13.0.1
  resolution: "markdown-it@npm:13.0.1"
  dependencies:
    argparse: ^2.0.1
    entities: ~3.0.1
    linkify-it: ^4.0.1
    mdurl: ^1.0.1
    uc.micro: ^1.0.5
  bin:
    markdown-it: bin/markdown-it.js
  checksum: faf5891d389dc433bcf21d3fbff2009beb044b42b117c92f4848899780ca1a2282a209e3ff4672db4afed726a7248304ec473e6e242a7d6498af7113d31974e7
  languageName: node
  linkType: hard

"markdownlint-cli2-formatter-default@npm:0.0.4":
  version: 0.0.4
  resolution: "markdownlint-cli2-formatter-default@npm:0.0.4"
  peerDependencies:
    markdownlint-cli2: ">=0.0.4"
  checksum: 533971d6b04e5ff283af497bf13ba4a18aff582439a36e9fceeb01ab74b432085d1deccfa1e84e585fc7a12f5cd89d15fc6ccb797a8efd25d673d6d3b9a4c076
  languageName: node
  linkType: hard

"markdownlint-cli2@npm:^0.8.1":
  version: 0.8.1
  resolution: "markdownlint-cli2@npm:0.8.1"
  dependencies:
    globby: 13.1.4
    markdownlint: 0.29.0
    markdownlint-cli2-formatter-default: 0.0.4
    micromatch: 4.0.5
    strip-json-comments: 5.0.0
    yaml: 2.3.1
  bin:
    markdownlint-cli2: markdownlint-cli2.js
    markdownlint-cli2-config: markdownlint-cli2-config.js
    markdownlint-cli2-fix: markdownlint-cli2-fix.js
  checksum: 38464d73d91a1abe1cc43f925112e567ee27eb20f536e4a0c1329e28cea4366db68e9c365127bbd95f2580bf2983ec8ea61e98ece1c868c17994b542e37e495d
  languageName: node
  linkType: hard

"markdownlint-micromark@npm:0.1.5":
  version: 0.1.5
  resolution: "markdownlint-micromark@npm:0.1.5"
  checksum: fc69c340c31a06b46cf358759348a12b60b0080d82406ec1ed2e015e96b664e4075584980cf1bf029287109503ec37d0da012ec67827bc7a21a9f7d0b5a624b8
  languageName: node
  linkType: hard

"markdownlint-micromark@npm:0.1.7":
  version: 0.1.7
  resolution: "markdownlint-micromark@npm:0.1.7"
  checksum: 1f40938fcbd9aab1eed1a6b5907b3a9ca731568622ea7b74f722a276216997a674a92cb7c54ee13ae6d64e81e300b26f2d5edad03d98ee9b0950871e74f21254
  languageName: node
  linkType: hard

"markdownlint@npm:0.29.0":
  version: 0.29.0
  resolution: "markdownlint@npm:0.29.0"
  dependencies:
    markdown-it: 13.0.1
    markdownlint-micromark: 0.1.5
  checksum: 5785f5173f553510516bf1f68a0768118dcae3a3a19234f6ed57d5d5a8f5beedcca859593fdcf0d8e90fdccb69fd0e168e77416f5712e04e2062c5bf2dca5612
  languageName: node
  linkType: hard

"markdownlint@npm:^0.30.0":
  version: 0.30.0
  resolution: "markdownlint@npm:0.30.0"
  dependencies:
    markdown-it: 13.0.1
    markdownlint-micromark: 0.1.7
  checksum: cc99517c61fe8df9af918fafad314e685a8888162c476d6f7ef51555008c4f2581231e3930ea3d29b46a29307d2e4fce1c78db8dcd6962bf7069983e72cd3bba
  languageName: node
  linkType: hard

"mdurl@npm:^1.0.1":
  version: 1.0.1
  resolution: "mdurl@npm:1.0.1"
  checksum: 71731ecba943926bfbf9f9b51e28b5945f9411c4eda80894221b47cc105afa43ba2da820732b436f0798fd3edbbffcd1fc1415843c41a87fea08a41cc1e3d02b
  languageName: node
  linkType: hard

"merge-stream@npm:^2.0.0":
  version: 2.0.0
  resolution: "merge-stream@npm:2.0.0"
  checksum: 6fa4dcc8d86629705cea944a4b88ef4cb0e07656ebf223fa287443256414283dd25d91c1cd84c77987f2aec5927af1a9db6085757cb43d90eb170ebf4b47f4f4
  languageName: node
  linkType: hard

"merge2@npm:^1.3.0, merge2@npm:^1.4.1":
  version: 1.4.1
  resolution: "merge2@npm:1.4.1"
  checksum: 7268db63ed5169466540b6fb947aec313200bcf6d40c5ab722c22e242f651994619bcd85601602972d3c85bd2cc45a358a4c61937e9f11a061919a1da569b0c2
  languageName: node
  linkType: hard

"micromatch@npm:4.0.5, micromatch@npm:^4.0.4":
  version: 4.0.5
  resolution: "micromatch@npm:4.0.5"
  dependencies:
    braces: ^3.0.2
    picomatch: ^2.3.1
  checksum: 02a17b671c06e8fefeeb6ef996119c1e597c942e632a21ef589154f23898c9c6a9858526246abb14f8bca6e77734aa9dcf65476fca47cedfb80d9577d52843fc
  languageName: node
  linkType: hard

"mimic-fn@npm:^2.1.0":
  version: 2.1.0
  resolution: "mimic-fn@npm:2.1.0"
  checksum: d2421a3444848ce7f84bd49115ddacff29c15745db73f54041edc906c14b131a38d05298dae3081667627a59b2eb1ca4b436ff2e1b80f69679522410418b478a
  languageName: node
  linkType: hard

"mimic-fn@npm:^4.0.0":
  version: 4.0.0
  resolution: "mimic-fn@npm:4.0.0"
  checksum: 995dcece15ee29aa16e188de6633d43a3db4611bcf93620e7e62109ec41c79c0f34277165b8ce5e361205049766e371851264c21ac64ca35499acb5421c2ba56
  languageName: node
  linkType: hard

"ms@npm:2.1.2":
  version: 2.1.2
  resolution: "ms@npm:2.1.2"
  checksum: 673cdb2c3133eb050c745908d8ce632ed2c02d85640e2edb3ace856a2266a813b30c613569bf3354fdf4ea7d1a1494add3bfa95e2713baa27d0c2c71fc44f58f
  languageName: node
  linkType: hard

"npm-run-path@npm:^5.1.0":
  version: 5.1.0
  resolution: "npm-run-path@npm:5.1.0"
  dependencies:
    path-key: ^4.0.0
  checksum: dc184eb5ec239d6a2b990b43236845332ef12f4e0beaa9701de724aa797fe40b6bbd0157fb7639d24d3ab13f5d5cf22d223a19c6300846b8126f335f788bee66
  languageName: node
  linkType: hard

"onetime@npm:^5.1.0":
  version: 5.1.2
  resolution: "onetime@npm:5.1.2"
  dependencies:
    mimic-fn: ^2.1.0
  checksum: 2478859ef817fc5d4e9c2f9e5728512ddd1dbc9fb7829ad263765bb6d3b91ce699d6e2332eef6b7dff183c2f490bd3349f1666427eaba4469fba0ac38dfd0d34
  languageName: node
  linkType: hard

"onetime@npm:^6.0.0":
  version: 6.0.0
  resolution: "onetime@npm:6.0.0"
  dependencies:
    mimic-fn: ^4.0.0
  checksum: 0846ce78e440841335d4e9182ef69d5762e9f38aa7499b19f42ea1c4cd40f0b4446094c455c713f9adac3f4ae86f613bb5e30c99e52652764d06a89f709b3788
  languageName: node
  linkType: hard

"path-key@npm:^3.1.0":
  version: 3.1.1
  resolution: "path-key@npm:3.1.1"
  checksum: 55cd7a9dd4b343412a8386a743f9c746ef196e57c823d90ca3ab917f90ab9f13dd0ded27252ba49dbdfcab2b091d998bc446f6220cd3cea65db407502a740020
  languageName: node
  linkType: hard

"path-key@npm:^4.0.0":
  version: 4.0.0
  resolution: "path-key@npm:4.0.0"
  checksum: 8e6c314ae6d16b83e93032c61020129f6f4484590a777eed709c4a01b50e498822b00f76ceaf94bc64dbd90b327df56ceadce27da3d83393790f1219e07721d7
  languageName: node
  linkType: hard

"path-type@npm:^4.0.0":
  version: 4.0.0
  resolution: "path-type@npm:4.0.0"
  checksum: 5b1e2daa247062061325b8fdbfd1fb56dde0a448fb1455453276ea18c60685bdad23a445dc148cf87bc216be1573357509b7d4060494a6fd768c7efad833ee45
  languageName: node
  linkType: hard

"picomatch@npm:^2.3.1":
  version: 2.3.1
  resolution: "picomatch@npm:2.3.1"
  checksum: 050c865ce81119c4822c45d3c84f1ced46f93a0126febae20737bd05ca20589c564d6e9226977df859ed5e03dc73f02584a2b0faad36e896936238238b0446cf
  languageName: node
  linkType: hard

"pidtree@npm:0.6.0":
  version: 0.6.0
  resolution: "pidtree@npm:0.6.0"
  bin:
    pidtree: bin/pidtree.js
  checksum: 8fbc073ede9209dd15e80d616e65eb674986c93be49f42d9ddde8dbbd141bb53d628a7ca4e58ab5c370bb00383f67d75df59a9a226dede8fa801267a7030c27a
  languageName: node
  linkType: hard

"prettier@npm:^3.0.0, prettier@npm:^3.0.2":
  version: 3.0.2
  resolution: "prettier@npm:3.0.2"
  bin:
    prettier: bin/prettier.cjs
  checksum: 118b59ddb6c80abe2315ab6d0f4dd1b253be5cfdb20622fa5b65bb1573dcd362e6dd3dcf2711dd3ebfe64aecf7bdc75de8a69dc2422dcd35bdde7610586b677a
  languageName: node
  linkType: hard

"queue-microtask@npm:^1.2.2":
  version: 1.2.3
  resolution: "queue-microtask@npm:1.2.3"
  checksum: b676f8c040cdc5b12723ad2f91414d267605b26419d5c821ff03befa817ddd10e238d22b25d604920340fd73efd8ba795465a0377c4adf45a4a41e4234e42dc4
  languageName: node
  linkType: hard

"restore-cursor@npm:^4.0.0":
  version: 4.0.0
  resolution: "restore-cursor@npm:4.0.0"
  dependencies:
    onetime: ^5.1.0
    signal-exit: ^3.0.2
  checksum: 5b675c5a59763bf26e604289eab35711525f11388d77f409453904e1e69c0d37ae5889295706b2c81d23bd780165084d040f9b68fffc32cc921519031c4fa4af
  languageName: node
  linkType: hard

"reusify@npm:^1.0.4":
  version: 1.0.4
  resolution: "reusify@npm:1.0.4"
  checksum: c3076ebcc22a6bc252cb0b9c77561795256c22b757f40c0d8110b1300723f15ec0fc8685e8d4ea6d7666f36c79ccc793b1939c748bf36f18f542744a4e379fcc
  languageName: node
  linkType: hard

"rfdc@npm:^1.3.0":
  version: 1.3.0
  resolution: "rfdc@npm:1.3.0"
  checksum: fb2ba8512e43519983b4c61bd3fa77c0f410eff6bae68b08614437bc3f35f91362215f7b4a73cbda6f67330b5746ce07db5dd9850ad3edc91271ad6deea0df32
  languageName: node
  linkType: hard

"run-parallel@npm:^1.1.9":
  version: 1.2.0
  resolution: "run-parallel@npm:1.2.0"
  dependencies:
    queue-microtask: ^1.2.2
  checksum: cb4f97ad25a75ebc11a8ef4e33bb962f8af8516bb2001082ceabd8902e15b98f4b84b4f8a9b222e5d57fc3bd1379c483886ed4619367a7680dad65316993021d
  languageName: node
  linkType: hard

"shebang-command@npm:^2.0.0":
  version: 2.0.0
  resolution: "shebang-command@npm:2.0.0"
  dependencies:
    shebang-regex: ^3.0.0
  checksum: 6b52fe87271c12968f6a054e60f6bde5f0f3d2db483a1e5c3e12d657c488a15474121a1d55cd958f6df026a54374ec38a4a963988c213b7570e1d51575cea7fa
  languageName: node
  linkType: hard

"shebang-regex@npm:^3.0.0":
  version: 3.0.0
  resolution: "shebang-regex@npm:3.0.0"
  checksum: 1a2bcae50de99034fcd92ad4212d8e01eedf52c7ec7830eedcf886622804fe36884278f2be8be0ea5fde3fd1c23911643a4e0f726c8685b61871c8908af01222
  languageName: node
  linkType: hard

"signal-exit@npm:^3.0.2, signal-exit@npm:^3.0.7":
  version: 3.0.7
  resolution: "signal-exit@npm:3.0.7"
  checksum: a2f098f247adc367dffc27845853e9959b9e88b01cb301658cfe4194352d8d2bb32e18467c786a7fe15f1d44b233ea35633d076d5e737870b7139949d1ab6318
  languageName: node
  linkType: hard

"slash@npm:^4.0.0":
  version: 4.0.0
  resolution: "slash@npm:4.0.0"
  checksum: da8e4af73712253acd21b7853b7e0dbba776b786e82b010a5bfc8b5051a1db38ed8aba8e1e8f400dd2c9f373be91eb1c42b66e91abb407ff42b10feece5e1d2d
  languageName: node
  linkType: hard

"slice-ansi@npm:^5.0.0":
  version: 5.0.0
  resolution: "slice-ansi@npm:5.0.0"
  dependencies:
    ansi-styles: ^6.0.0
    is-fullwidth-code-point: ^4.0.0
  checksum: 7e600a2a55e333a21ef5214b987c8358fe28bfb03c2867ff2cbf919d62143d1812ac27b4297a077fdaf27a03da3678e49551c93e35f9498a3d90221908a1180e
  languageName: node
  linkType: hard

"string-argv@npm:0.3.2":
  version: 0.3.2
  resolution: "string-argv@npm:0.3.2"
  checksum: 8703ad3f3db0b2641ed2adbb15cf24d3945070d9a751f9e74a924966db9f325ac755169007233e8985a39a6a292f14d4fee20482989b89b96e473c4221508a0f
  languageName: node
  linkType: hard

"string-width@npm:^5.0.0, string-width@npm:^5.0.1":
  version: 5.1.2
  resolution: "string-width@npm:5.1.2"
  dependencies:
    eastasianwidth: ^0.2.0
    emoji-regex: ^9.2.2
    strip-ansi: ^7.0.1
  checksum: 7369deaa29f21dda9a438686154b62c2c5f661f8dda60449088f9f980196f7908fc39fdd1803e3e01541970287cf5deae336798337e9319a7055af89dafa7193
  languageName: node
  linkType: hard

"strip-ansi@npm:^7.0.1":
  version: 7.1.0
  resolution: "strip-ansi@npm:7.1.0"
  dependencies:
    ansi-regex: ^6.0.1
  checksum: 859c73fcf27869c22a4e4d8c6acfe690064659e84bef9458aa6d13719d09ca88dcfd40cbf31fd0be63518ea1a643fe070b4827d353e09533a5b0b9fd4553d64d
  languageName: node
  linkType: hard

"strip-final-newline@npm:^3.0.0":
  version: 3.0.0
  resolution: "strip-final-newline@npm:3.0.0"
  checksum: 23ee263adfa2070cd0f23d1ac14e2ed2f000c9b44229aec9c799f1367ec001478469560abefd00c5c99ee6f0b31c137d53ec6029c53e9f32a93804e18c201050
  languageName: node
  linkType: hard

"strip-json-comments@npm:5.0.0":
  version: 5.0.0
  resolution: "strip-json-comments@npm:5.0.0"
  checksum: 99cad07ccc3b86cc7bb8a9274a801b0660cbd595189ad291f6e206b8d7b23d90eed3119cdae44e126d9563796024b3ef0e7de2eeee4634b3b9019bafb62803e7
  languageName: node
  linkType: hard

"to-regex-range@npm:^5.0.1":
  version: 5.0.1
  resolution: "to-regex-range@npm:5.0.1"
  dependencies:
    is-number: ^7.0.0
  checksum: f76fa01b3d5be85db6a2a143e24df9f60dd047d151062d0ba3df62953f2f697b16fe5dad9b0ac6191c7efc7b1d9dcaa4b768174b7b29da89d4428e64bc0a20ed
  languageName: node
  linkType: hard

"type-fest@npm:^1.0.2":
  version: 1.4.0
  resolution: "type-fest@npm:1.4.0"
  checksum: b011c3388665b097ae6a109a437a04d6f61d81b7357f74cbcb02246f2f5bd72b888ae33631b99871388122ba0a87f4ff1c94078e7119ff22c70e52c0ff828201
  languageName: node
  linkType: hard

"uc.micro@npm:^1.0.1, uc.micro@npm:^1.0.5":
  version: 1.0.6
  resolution: "uc.micro@npm:1.0.6"
  checksum: 6898bb556319a38e9cf175e3628689347bd26fec15fc6b29fa38e0045af63075ff3fea4cf1fdba9db46c9f0cbf07f2348cd8844889dd31ebd288c29fe0d27e7a
  languageName: node
  linkType: hard

"which@npm:^2.0.1":
  version: 2.0.2
  resolution: "which@npm:2.0.2"
  dependencies:
    isexe: ^2.0.0
  bin:
    node-which: ./bin/node-which
  checksum: 1a5c563d3c1b52d5f893c8b61afe11abc3bab4afac492e8da5bde69d550de701cf9806235f20a47b5c8fa8a1d6a9135841de2596535e998027a54589000e66d1
  languageName: node
  linkType: hard

"wrap-ansi@npm:^8.0.1, wrap-ansi@npm:^8.1.0":
  version: 8.1.0
  resolution: "wrap-ansi@npm:8.1.0"
  dependencies:
    ansi-styles: ^6.1.0
    string-width: ^5.0.1
    strip-ansi: ^7.0.1
  checksum: 371733296dc2d616900ce15a0049dca0ef67597d6394c57347ba334393599e800bab03c41d4d45221b6bc967b8c453ec3ae4749eff3894202d16800fdfe0e238
  languageName: node
  linkType: hard

"yaml@npm:2.3.1":
  version: 2.3.1
  resolution: "yaml@npm:2.3.1"
  checksum: 2c7bc9a7cd4c9f40d3b0b0a98e370781b68b8b7c4515720869aced2b00d92f5da1762b4ffa947f9e795d6cd6b19f410bd4d15fdd38aca7bd96df59bd9486fb54
  languageName: node
  linkType: hard
